// !$*UTF8*$!
{
	archiveVersion = 1;
	classes = {
	};
	objectVersion = 52;
	objects = {

/* Begin PBXBuildFile section */
		0B31CC422697D041002DD687 /* PlanDateCell.swift in Sources */ = {isa = PBXBuildFile; fileRef = 0B31CC412697D041002DD687 /* PlanDateCell.swift */; };
		0B31CC48269802D4002DD687 /* CircleView.swift in Sources */ = {isa = PBXBuildFile; fileRef = 0B31CC47269802D4002DD687 /* CircleView.swift */; };
		0B31CC4A26981304002DD687 /* CALayer + Ex.swift in Sources */ = {isa = PBXBuildFile; fileRef = 0B31CC4926981304002DD687 /* CALayer + Ex.swift */; };
		0B31CC50269817FF002DD687 /* PlanDetailRouter.swift in Sources */ = {isa = PBXBuildFile; fileRef = 0B31CC4C269817FF002DD687 /* PlanDetailRouter.swift */; };
		0B31CC51269817FF002DD687 /* PlanDetailViewController.swift in Sources */ = {isa = PBXBuildFile; fileRef = 0B31CC4D269817FF002DD687 /* PlanDetailViewController.swift */; };
		0B31CC52269817FF002DD687 /* PlanDetailBuilder.swift in Sources */ = {isa = PBXBuildFile; fileRef = 0B31CC4E269817FF002DD687 /* PlanDetailBuilder.swift */; };
		0B31CC53269817FF002DD687 /* PlanDetailInteractor.swift in Sources */ = {isa = PBXBuildFile; fileRef = 0B31CC4F269817FF002DD687 /* PlanDetailInteractor.swift */; };
		0B31CC5526981874002DD687 /* PlanDetailViewController + UI.swift in Sources */ = {isa = PBXBuildFile; fileRef = 0B31CC5426981874002DD687 /* PlanDetailViewController + UI.swift */; };
		0B31CC582698496B002DD687 /* PlanPresetCell.swift in Sources */ = {isa = PBXBuildFile; fileRef = 0B31CC572698496B002DD687 /* PlanPresetCell.swift */; };
		0B330938262539690063BD46 /* PlanRouter.swift in Sources */ = {isa = PBXBuildFile; fileRef = 0B330933262539680063BD46 /* PlanRouter.swift */; };
		0B33093A262539690063BD46 /* PlanViewController.swift in Sources */ = {isa = PBXBuildFile; fileRef = 0B330935262539680063BD46 /* PlanViewController.swift */; };
		0B33093B262539690063BD46 /* PlanBuilder.swift in Sources */ = {isa = PBXBuildFile; fileRef = 0B330936262539680063BD46 /* PlanBuilder.swift */; };
		0B33093C262539690063BD46 /* PlanInteractor.swift in Sources */ = {isa = PBXBuildFile; fileRef = 0B330937262539680063BD46 /* PlanInteractor.swift */; };
		0BB3DCEE26948F260099F773 /* PlanListCell.swift in Sources */ = {isa = PBXBuildFile; fileRef = 0BB3DCED26948F260099F773 /* PlanListCell.swift */; };
		0BB3DCF026948F360099F773 /* InProgressReadingCell.swift in Sources */ = {isa = PBXBuildFile; fileRef = 0BB3DCEF26948F360099F773 /* InProgressReadingCell.swift */; };
		0BB3DCF22694A3C90099F773 /* MyPlanCell.swift in Sources */ = {isa = PBXBuildFile; fileRef = 0BB3DCF12694A3C90099F773 /* MyPlanCell.swift */; };
		0BB3DCF42694C3970099F773 /* PlanViewController+UI.swift in Sources */ = {isa = PBXBuildFile; fileRef = 0BB3DCF32694C3970099F773 /* PlanViewController+UI.swift */; };
		C101639325B0950F0079EB69 /* SelectingVerseRouter.swift in Sources */ = {isa = PBXBuildFile; fileRef = C101638E25B0950F0079EB69 /* SelectingVerseRouter.swift */; };
		C101639425B0950F0079EB69 /* SelectingVerseViewController.swift in Sources */ = {isa = PBXBuildFile; fileRef = C101638F25B0950F0079EB69 /* SelectingVerseViewController.swift */; };
		C101639525B0950F0079EB69 /* SelectingVerseBuilder.swift in Sources */ = {isa = PBXBuildFile; fileRef = C101639025B0950F0079EB69 /* SelectingVerseBuilder.swift */; };
		C101639625B0950F0079EB69 /* SelectingVerseInteractor.swift in Sources */ = {isa = PBXBuildFile; fileRef = C101639125B0950F0079EB69 /* SelectingVerseInteractor.swift */; };
		C101639725B0950F0079EB69 /* SelectingVerseViewController.xib in Resources */ = {isa = PBXBuildFile; fileRef = C101639225B0950F0079EB69 /* SelectingVerseViewController.xib */; };
		C1103ABA25BDA111002AEABA /* UITabBarController + Ex.swift in Sources */ = {isa = PBXBuildFile; fileRef = C1103AB925BDA111002AEABA /* UITabBarController + Ex.swift */; };
		C1103ABF25BE60AA002AEABA /* SchedulesManager.swift in Sources */ = {isa = PBXBuildFile; fileRef = C1103ABE25BE60AA002AEABA /* SchedulesManager.swift */; };
		C11FF95C25CC574100E347D7 /* RxGesture in Frameworks */ = {isa = PBXBuildFile; productRef = C11FF95B25CC574100E347D7 /* RxGesture */; };
		C12069BE25C2E9D800C8A7B7 /* PrayerRouter.swift in Sources */ = {isa = PBXBuildFile; fileRef = C12069B925C2E9D800C8A7B7 /* PrayerRouter.swift */; };
		C12069BF25C2E9D800C8A7B7 /* PrayerViewController.storyboard in Resources */ = {isa = PBXBuildFile; fileRef = C12069BA25C2E9D800C8A7B7 /* PrayerViewController.storyboard */; };
		C12069C025C2E9D800C8A7B7 /* PrayerViewController.swift in Sources */ = {isa = PBXBuildFile; fileRef = C12069BB25C2E9D800C8A7B7 /* PrayerViewController.swift */; };
		C12069C125C2E9D800C8A7B7 /* PrayerBuilder.swift in Sources */ = {isa = PBXBuildFile; fileRef = C12069BC25C2E9D800C8A7B7 /* PrayerBuilder.swift */; };
		C12069C225C2E9D800C8A7B7 /* PrayerInteractor.swift in Sources */ = {isa = PBXBuildFile; fileRef = C12069BD25C2E9D800C8A7B7 /* PrayerInteractor.swift */; };
		C12069E225C32F6A00C8A7B7 /* Differentiator in Frameworks */ = {isa = PBXBuildFile; productRef = C12069E125C32F6A00C8A7B7 /* Differentiator */; };
		C12069E425C32F6A00C8A7B7 /* RxDataSources in Frameworks */ = {isa = PBXBuildFile; productRef = C12069E325C32F6A00C8A7B7 /* RxDataSources */; };
		C12B916425B0340800DD6FB1 /* SettingRouter.swift in Sources */ = {isa = PBXBuildFile; fileRef = C12B915F25B0340800DD6FB1 /* SettingRouter.swift */; };
		C12B916525B0340800DD6FB1 /* SettingViewController.storyboard in Resources */ = {isa = PBXBuildFile; fileRef = C12B916025B0340800DD6FB1 /* SettingViewController.storyboard */; };
		C12B916625B0340800DD6FB1 /* SettingViewController.swift in Sources */ = {isa = PBXBuildFile; fileRef = C12B916125B0340800DD6FB1 /* SettingViewController.swift */; };
		C12B916725B0340800DD6FB1 /* SettingBuilder.swift in Sources */ = {isa = PBXBuildFile; fileRef = C12B916225B0340800DD6FB1 /* SettingBuilder.swift */; };
		C12B916825B0340800DD6FB1 /* SettingInteractor.swift in Sources */ = {isa = PBXBuildFile; fileRef = C12B916325B0340800DD6FB1 /* SettingInteractor.swift */; };
		C12B917225B03DE400DD6FB1 /* BibleVerseCell.swift in Sources */ = {isa = PBXBuildFile; fileRef = C12B917025B03DE400DD6FB1 /* BibleVerseCell.swift */; };
		C12B917325B03DE400DD6FB1 /* BibleVerseCell.xib in Resources */ = {isa = PBXBuildFile; fileRef = C12B917125B03DE400DD6FB1 /* BibleVerseCell.xib */; };
		C12B917925B04A1300DD6FB1 /* Then in Frameworks */ = {isa = PBXBuildFile; productRef = C12B917825B04A1300DD6FB1 /* Then */; };
		C15CF17125E5309D00C3AC6E /* Array + Ex.swift in Sources */ = {isa = PBXBuildFile; fileRef = C15CF17025E5309D00C3AC6E /* Array + Ex.swift */; };
		C15DF10025E40DE700D447FC /* PrayerOptionView.swift in Sources */ = {isa = PBXBuildFile; fileRef = C15DF0FF25E40DE700D447FC /* PrayerOptionView.swift */; };
		C1682BB025AF368C00E8564A /* ChildViewControllable.swift in Sources */ = {isa = PBXBuildFile; fileRef = C1682BAF25AF368C00E8564A /* ChildViewControllable.swift */; };
		C1682BC725AFDACD00E8564A /* FSCalendar in Frameworks */ = {isa = PBXBuildFile; productRef = C1682BC625AFDACD00E8564A /* FSCalendar */; };
		C1682BD825AFE4EC00E8564A /* SnapKit in Frameworks */ = {isa = PBXBuildFile; productRef = C1682BD725AFE4EC00E8564A /* SnapKit */; };
		C168CEF625AC85C9008C1AFE /* AppDelegate.swift in Sources */ = {isa = PBXBuildFile; fileRef = C168CEF525AC85C9008C1AFE /* AppDelegate.swift */; };
		C168CEF825AC85C9008C1AFE /* SceneDelegate.swift in Sources */ = {isa = PBXBuildFile; fileRef = C168CEF725AC85C9008C1AFE /* SceneDelegate.swift */; };
		C168CEFF25AC85CC008C1AFE /* Assets.xcassets in Resources */ = {isa = PBXBuildFile; fileRef = C168CEFE25AC85CC008C1AFE /* Assets.xcassets */; };
		C168CF0225AC85CC008C1AFE /* LaunchScreen.storyboard in Resources */ = {isa = PBXBuildFile; fileRef = C168CF0025AC85CC008C1AFE /* LaunchScreen.storyboard */; };
		C168CF0D25AC85CC008C1AFE /* Arise_ShineTests.swift in Sources */ = {isa = PBXBuildFile; fileRef = C168CF0C25AC85CC008C1AFE /* Arise_ShineTests.swift */; };
		C168CF1825AC85CC008C1AFE /* Arise_ShineUITests.swift in Sources */ = {isa = PBXBuildFile; fileRef = C168CF1725AC85CC008C1AFE /* Arise_ShineUITests.swift */; };
		C168CF2A25AC8667008C1AFE /* RIBs in Frameworks */ = {isa = PBXBuildFile; productRef = C168CF2925AC8667008C1AFE /* RIBs */; };
		C168CF3025AC8722008C1AFE /* RxSwift in Frameworks */ = {isa = PBXBuildFile; productRef = C168CF2F25AC8722008C1AFE /* RxSwift */; };
		C168CF3225AC8722008C1AFE /* RxCocoa in Frameworks */ = {isa = PBXBuildFile; productRef = C168CF3125AC8722008C1AFE /* RxCocoa */; };
		C168CF3825AC8745008C1AFE /* ReactorKit in Frameworks */ = {isa = PBXBuildFile; productRef = C168CF3725AC8745008C1AFE /* ReactorKit */; };
		C168CF4925AC8834008C1AFE /* RootRouter.swift in Sources */ = {isa = PBXBuildFile; fileRef = C168CF4525AC8834008C1AFE /* RootRouter.swift */; };
		C168CF4A25AC8834008C1AFE /* RootViewController.swift in Sources */ = {isa = PBXBuildFile; fileRef = C168CF4625AC8834008C1AFE /* RootViewController.swift */; };
		C168CF4B25AC8834008C1AFE /* RootBuilder.swift in Sources */ = {isa = PBXBuildFile; fileRef = C168CF4725AC8834008C1AFE /* RootBuilder.swift */; };
		C168CF4C25AC8834008C1AFE /* RootInteractor.swift in Sources */ = {isa = PBXBuildFile; fileRef = C168CF4825AC8834008C1AFE /* RootInteractor.swift */; };
		C16BD19D25C4324300C8139F /* VIPManager.swift in Sources */ = {isa = PBXBuildFile; fileRef = C16BD19C25C4324300C8139F /* VIPManager.swift */; };
		C16BD1A425C440C200C8139F /* VIPCell.swift in Sources */ = {isa = PBXBuildFile; fileRef = C16BD1A225C440C200C8139F /* VIPCell.swift */; };
		C16BD1A525C440C200C8139F /* VIPCell.xib in Resources */ = {isa = PBXBuildFile; fileRef = C16BD1A325C440C200C8139F /* VIPCell.xib */; };
		C16BD1B225C4568D00C8139F /* VIPHeader.swift in Sources */ = {isa = PBXBuildFile; fileRef = C16BD1B125C4568D00C8139F /* VIPHeader.swift */; };
		C16BD1BC25C4674B00C8139F /* NewVIPRouter.swift in Sources */ = {isa = PBXBuildFile; fileRef = C16BD1B725C4674B00C8139F /* NewVIPRouter.swift */; };
		C16BD1BD25C4674B00C8139F /* NewVIPViewController.storyboard in Resources */ = {isa = PBXBuildFile; fileRef = C16BD1B825C4674B00C8139F /* NewVIPViewController.storyboard */; };
		C16BD1BE25C4674B00C8139F /* NewVIPViewController.swift in Sources */ = {isa = PBXBuildFile; fileRef = C16BD1B925C4674B00C8139F /* NewVIPViewController.swift */; };
		C16BD1BF25C4674B00C8139F /* NewVIPBuilder.swift in Sources */ = {isa = PBXBuildFile; fileRef = C16BD1BA25C4674B00C8139F /* NewVIPBuilder.swift */; };
		C16BD1C025C4674B00C8139F /* NewVIPInteractor.swift in Sources */ = {isa = PBXBuildFile; fileRef = C16BD1BB25C4674B00C8139F /* NewVIPInteractor.swift */; };
		C16BD1E525C4808600C8139F /* VIP.swift in Sources */ = {isa = PBXBuildFile; fileRef = C16BD1E425C4808600C8139F /* VIP.swift */; };
		C16BD1ED25C480EC00C8139F /* VIPSection.swift in Sources */ = {isa = PBXBuildFile; fileRef = C16BD1EC25C480EC00C8139F /* VIPSection.swift */; };
		C16BD1F725C486CC00C8139F /* VIPDetailRouter.swift in Sources */ = {isa = PBXBuildFile; fileRef = C16BD1F225C486CC00C8139F /* VIPDetailRouter.swift */; };
		C16BD1F825C486CC00C8139F /* VIPDetailViewController.storyboard in Resources */ = {isa = PBXBuildFile; fileRef = C16BD1F325C486CC00C8139F /* VIPDetailViewController.storyboard */; };
		C16BD1F925C486CC00C8139F /* VIPDetailViewController.swift in Sources */ = {isa = PBXBuildFile; fileRef = C16BD1F425C486CC00C8139F /* VIPDetailViewController.swift */; };
		C16BD1FA25C486CC00C8139F /* VIPDetailBuilder.swift in Sources */ = {isa = PBXBuildFile; fileRef = C16BD1F525C486CC00C8139F /* VIPDetailBuilder.swift */; };
		C16BD1FB25C486CC00C8139F /* VIPDetailInteractor.swift in Sources */ = {isa = PBXBuildFile; fileRef = C16BD1F625C486CC00C8139F /* VIPDetailInteractor.swift */; };
		C16BD20625C49DAE00C8139F /* Prayer.swift in Sources */ = {isa = PBXBuildFile; fileRef = C16BD20525C49DAE00C8139F /* Prayer.swift */; };
		C16BD20B25C49DFF00C8139F /* PrayerManager.swift in Sources */ = {isa = PBXBuildFile; fileRef = C16BD20A25C49DFF00C8139F /* PrayerManager.swift */; };
		C16BD22425C5170D00C8139F /* NewPrayerRouter.swift in Sources */ = {isa = PBXBuildFile; fileRef = C16BD21F25C5170D00C8139F /* NewPrayerRouter.swift */; };
		C16BD22525C5170D00C8139F /* NewPrayerViewController.storyboard in Resources */ = {isa = PBXBuildFile; fileRef = C16BD22025C5170D00C8139F /* NewPrayerViewController.storyboard */; };
		C16BD22625C5170D00C8139F /* NewPrayerViewController.swift in Sources */ = {isa = PBXBuildFile; fileRef = C16BD22125C5170D00C8139F /* NewPrayerViewController.swift */; };
		C16BD22725C5170D00C8139F /* NewPrayerBuilder.swift in Sources */ = {isa = PBXBuildFile; fileRef = C16BD22225C5170D00C8139F /* NewPrayerBuilder.swift */; };
		C16BD22825C5170D00C8139F /* NewPrayerInteractor.swift in Sources */ = {isa = PBXBuildFile; fileRef = C16BD22325C5170D00C8139F /* NewPrayerInteractor.swift */; };
		C1A3331F25E0360B007D0807 /* UILabel + Ex.swift in Sources */ = {isa = PBXBuildFile; fileRef = C1A3331E25E0360B007D0807 /* UILabel + Ex.swift */; };
		C1BE039925C07F4600D028E7 /* UserDefaults + Ex.swift in Sources */ = {isa = PBXBuildFile; fileRef = C1BE039825C07F4600D028E7 /* UserDefaults + Ex.swift */; };
		C1BE03A825C0976800D028E7 /* Toaster in Frameworks */ = {isa = PBXBuildFile; productRef = C1BE03A725C0976800D028E7 /* Toaster */; };
		C1D02C1125AC89E20001CF6C /* AppComponent.swift in Sources */ = {isa = PBXBuildFile; fileRef = C1D02C1025AC89E20001CF6C /* AppComponent.swift */; };
		C1D02C1A25AC8DAA0001CF6C /* MainTabBarRouter.swift in Sources */ = {isa = PBXBuildFile; fileRef = C1D02C1625AC8DAA0001CF6C /* MainTabBarRouter.swift */; };
		C1D02C1B25AC8DAA0001CF6C /* MainTabBarViewController.swift in Sources */ = {isa = PBXBuildFile; fileRef = C1D02C1725AC8DAA0001CF6C /* MainTabBarViewController.swift */; };
		C1D02C1C25AC8DAA0001CF6C /* MainTabBarBuilder.swift in Sources */ = {isa = PBXBuildFile; fileRef = C1D02C1825AC8DAA0001CF6C /* MainTabBarBuilder.swift */; };
		C1D02C1D25AC8DAA0001CF6C /* MainTabBarInteractor.swift in Sources */ = {isa = PBXBuildFile; fileRef = C1D02C1925AC8DAA0001CF6C /* MainTabBarInteractor.swift */; };
		C1D02C2A25AC939A0001CF6C /* BibleRouter.swift in Sources */ = {isa = PBXBuildFile; fileRef = C1D02C2525AC939A0001CF6C /* BibleRouter.swift */; };
		C1D02C2B25AC939A0001CF6C /* BibleViewController.storyboard in Resources */ = {isa = PBXBuildFile; fileRef = C1D02C2625AC939A0001CF6C /* BibleViewController.storyboard */; };
		C1D02C2C25AC939A0001CF6C /* BibleViewController.swift in Sources */ = {isa = PBXBuildFile; fileRef = C1D02C2725AC939A0001CF6C /* BibleViewController.swift */; };
		C1D02C2D25AC939A0001CF6C /* BibleBuilder.swift in Sources */ = {isa = PBXBuildFile; fileRef = C1D02C2825AC939A0001CF6C /* BibleBuilder.swift */; };
		C1D02C2E25AC939A0001CF6C /* BibleInteractor.swift in Sources */ = {isa = PBXBuildFile; fileRef = C1D02C2925AC939A0001CF6C /* BibleInteractor.swift */; };
		C1D02C3425AC94EC0001CF6C /* UINavigation + Ex.swift in Sources */ = {isa = PBXBuildFile; fileRef = C1D02C3325AC94EC0001CF6C /* UINavigation + Ex.swift */; };
		C1D02C3A25AC99ED0001CF6C /* SQLite in Frameworks */ = {isa = PBXBuildFile; productRef = C1D02C3925AC99ED0001CF6C /* SQLite */; };
		C1D02C4025ADBB810001CF6C /* RxAppState in Frameworks */ = {isa = PBXBuildFile; productRef = C1D02C3F25ADBB810001CF6C /* RxAppState */; };
		C1D02C7325AE05AF0001CF6C /* Kor.sqlite3 in Resources */ = {isa = PBXBuildFile; fileRef = C1D02C5225ADFA270001CF6C /* Kor.sqlite3 */; };
		C1D02C8825AE74BF0001CF6C /* UIViewController + Ex.swift in Sources */ = {isa = PBXBuildFile; fileRef = C1D02C8725AE74BF0001CF6C /* UIViewController + Ex.swift */; };
		C1D02C8D25AE74F20001CF6C /* NSObject + Ex.swift in Sources */ = {isa = PBXBuildFile; fileRef = C1D02C8C25AE74F20001CF6C /* NSObject + Ex.swift */; };
		C1D02CA525AE83120001CF6C /* BaseViewController.swift in Sources */ = {isa = PBXBuildFile; fileRef = C1D02CA425AE83120001CF6C /* BaseViewController.swift */; };
		C1D02CAF25AE89A40001CF6C /* SelectRouter.swift in Sources */ = {isa = PBXBuildFile; fileRef = C1D02CAA25AE89A40001CF6C /* SelectRouter.swift */; };
		C1D02CB025AE89A40001CF6C /* SelectViewController.storyboard in Resources */ = {isa = PBXBuildFile; fileRef = C1D02CAB25AE89A40001CF6C /* SelectViewController.storyboard */; };
		C1D02CB125AE89A40001CF6C /* SelectViewController.swift in Sources */ = {isa = PBXBuildFile; fileRef = C1D02CAC25AE89A40001CF6C /* SelectViewController.swift */; };
		C1D02CB225AE89A40001CF6C /* SelectBuilder.swift in Sources */ = {isa = PBXBuildFile; fileRef = C1D02CAD25AE89A40001CF6C /* SelectBuilder.swift */; };
		C1D02CB325AE89A40001CF6C /* SelectInteractor.swift in Sources */ = {isa = PBXBuildFile; fileRef = C1D02CAE25AE89A40001CF6C /* SelectInteractor.swift */; };
		C1D02CBA25AE961F0001CF6C /* BiblePresentableState.swift in Sources */ = {isa = PBXBuildFile; fileRef = C1D02CB925AE961F0001CF6C /* BiblePresentableState.swift */; };
		C1D02CC825AE97AF0001CF6C /* BibleManager.swift in Sources */ = {isa = PBXBuildFile; fileRef = C1D02CC725AE97AF0001CF6C /* BibleManager.swift */; };
		C1D02CD025AEC1770001CF6C /* BibleChapter.swift in Sources */ = {isa = PBXBuildFile; fileRef = C1D02CCF25AEC1770001CF6C /* BibleChapter.swift */; };
		C1DDA3F825B1D74500FCFDD3 /* SelectPlanRouter.swift in Sources */ = {isa = PBXBuildFile; fileRef = C1DDA3F325B1D74500FCFDD3 /* SelectPlanRouter.swift */; };
		C1DDA3F925B1D74500FCFDD3 /* SelectPlanViewController.storyboard in Resources */ = {isa = PBXBuildFile; fileRef = C1DDA3F425B1D74500FCFDD3 /* SelectPlanViewController.storyboard */; };
		C1DDA3FA25B1D74500FCFDD3 /* SelectPlanViewController.swift in Sources */ = {isa = PBXBuildFile; fileRef = C1DDA3F525B1D74500FCFDD3 /* SelectPlanViewController.swift */; };
		C1DDA3FB25B1D74500FCFDD3 /* SelectPlanBuilder.swift in Sources */ = {isa = PBXBuildFile; fileRef = C1DDA3F625B1D74500FCFDD3 /* SelectPlanBuilder.swift */; };
		C1DDA3FC25B1D74500FCFDD3 /* SelectPlanInteractor.swift in Sources */ = {isa = PBXBuildFile; fileRef = C1DDA3F725B1D74500FCFDD3 /* SelectPlanInteractor.swift */; };
		C1DDA40725B295A400FCFDD3 /* Schedule.swift in Sources */ = {isa = PBXBuildFile; fileRef = C1DDA40625B295A400FCFDD3 /* Schedule.swift */; };
		C1E775F525CD705700C2FCB9 /* RxKeyboard in Frameworks */ = {isa = PBXBuildFile; productRef = C1E775F425CD705700C2FCB9 /* RxKeyboard */; };
		C1E775FC25CE3CA100C2FCB9 /* PrayerCell.swift in Sources */ = {isa = PBXBuildFile; fileRef = C1E775FA25CE3CA100C2FCB9 /* PrayerCell.swift */; };
		C1E775FD25CE3CA100C2FCB9 /* PrayerCell.xib in Resources */ = {isa = PBXBuildFile; fileRef = C1E775FB25CE3CA100C2FCB9 /* PrayerCell.xib */; };
		C1E7CB0425B5961200E14AB7 /* PlanCell.swift in Sources */ = {isa = PBXBuildFile; fileRef = C1E7CB0225B5961200E14AB7 /* PlanCell.swift */; };
		C1E7CB0525B5961200E14AB7 /* PlanCell.xib in Resources */ = {isa = PBXBuildFile; fileRef = C1E7CB0325B5961200E14AB7 /* PlanCell.xib */; };
		C1FB96AB25BFAC4F00D470A9 /* PanModal in Frameworks */ = {isa = PBXBuildFile; productRef = C1FB96AA25BFAC4F00D470A9 /* PanModal */; };
		C1FB96B525BFACAE00D470A9 /* BibleFontRouter.swift in Sources */ = {isa = PBXBuildFile; fileRef = C1FB96B025BFACAE00D470A9 /* BibleFontRouter.swift */; };
		C1FB96B625BFACAF00D470A9 /* BibleFontViewController.storyboard in Resources */ = {isa = PBXBuildFile; fileRef = C1FB96B125BFACAE00D470A9 /* BibleFontViewController.storyboard */; };
		C1FB96B725BFACAF00D470A9 /* BibleFontViewController.swift in Sources */ = {isa = PBXBuildFile; fileRef = C1FB96B225BFACAE00D470A9 /* BibleFontViewController.swift */; };
		C1FB96B825BFACAF00D470A9 /* BibleFontBuilder.swift in Sources */ = {isa = PBXBuildFile; fileRef = C1FB96B325BFACAE00D470A9 /* BibleFontBuilder.swift */; };
		C1FB96B925BFACAF00D470A9 /* BibleFontInteractor.swift in Sources */ = {isa = PBXBuildFile; fileRef = C1FB96B425BFACAE00D470A9 /* BibleFontInteractor.swift */; };
/* End PBXBuildFile section */

/* Begin PBXContainerItemProxy section */
		C168CF0925AC85CC008C1AFE /* PBXContainerItemProxy */ = {
			isa = PBXContainerItemProxy;
			containerPortal = C168CEEA25AC85C9008C1AFE /* Project object */;
			proxyType = 1;
			remoteGlobalIDString = C168CEF125AC85C9008C1AFE;
			remoteInfo = "Arise&Shine";
		};
		C168CF1425AC85CC008C1AFE /* PBXContainerItemProxy */ = {
			isa = PBXContainerItemProxy;
			containerPortal = C168CEEA25AC85C9008C1AFE /* Project object */;
			proxyType = 1;
			remoteGlobalIDString = C168CEF125AC85C9008C1AFE;
			remoteInfo = "Arise&Shine";
		};
/* End PBXContainerItemProxy section */

/* Begin PBXFileReference section */
		0B31CC412697D041002DD687 /* PlanDateCell.swift */ = {isa = PBXFileReference; lastKnownFileType = sourcecode.swift; path = PlanDateCell.swift; sourceTree = "<group>"; };
		0B31CC47269802D4002DD687 /* CircleView.swift */ = {isa = PBXFileReference; lastKnownFileType = sourcecode.swift; path = CircleView.swift; sourceTree = "<group>"; };
		0B31CC4926981304002DD687 /* CALayer + Ex.swift */ = {isa = PBXFileReference; lastKnownFileType = sourcecode.swift; path = "CALayer + Ex.swift"; sourceTree = "<group>"; };
		0B31CC4C269817FF002DD687 /* PlanDetailRouter.swift */ = {isa = PBXFileReference; lastKnownFileType = sourcecode.swift; path = PlanDetailRouter.swift; sourceTree = "<group>"; };
		0B31CC4D269817FF002DD687 /* PlanDetailViewController.swift */ = {isa = PBXFileReference; lastKnownFileType = sourcecode.swift; path = PlanDetailViewController.swift; sourceTree = "<group>"; };
		0B31CC4E269817FF002DD687 /* PlanDetailBuilder.swift */ = {isa = PBXFileReference; lastKnownFileType = sourcecode.swift; path = PlanDetailBuilder.swift; sourceTree = "<group>"; };
		0B31CC4F269817FF002DD687 /* PlanDetailInteractor.swift */ = {isa = PBXFileReference; lastKnownFileType = sourcecode.swift; path = PlanDetailInteractor.swift; sourceTree = "<group>"; };
		0B31CC5426981874002DD687 /* PlanDetailViewController + UI.swift */ = {isa = PBXFileReference; lastKnownFileType = sourcecode.swift; path = "PlanDetailViewController + UI.swift"; sourceTree = "<group>"; };
		0B31CC572698496B002DD687 /* PlanPresetCell.swift */ = {isa = PBXFileReference; lastKnownFileType = sourcecode.swift; path = PlanPresetCell.swift; sourceTree = "<group>"; };
		0B330933262539680063BD46 /* PlanRouter.swift */ = {isa = PBXFileReference; lastKnownFileType = sourcecode.swift; path = PlanRouter.swift; sourceTree = "<group>"; };
		0B330935262539680063BD46 /* PlanViewController.swift */ = {isa = PBXFileReference; lastKnownFileType = sourcecode.swift; path = PlanViewController.swift; sourceTree = "<group>"; };
		0B330936262539680063BD46 /* PlanBuilder.swift */ = {isa = PBXFileReference; lastKnownFileType = sourcecode.swift; path = PlanBuilder.swift; sourceTree = "<group>"; };
		0B330937262539680063BD46 /* PlanInteractor.swift */ = {isa = PBXFileReference; lastKnownFileType = sourcecode.swift; path = PlanInteractor.swift; sourceTree = "<group>"; };
		0BB3DCED26948F260099F773 /* PlanListCell.swift */ = {isa = PBXFileReference; lastKnownFileType = sourcecode.swift; path = PlanListCell.swift; sourceTree = "<group>"; };
		0BB3DCEF26948F360099F773 /* InProgressReadingCell.swift */ = {isa = PBXFileReference; lastKnownFileType = sourcecode.swift; path = InProgressReadingCell.swift; sourceTree = "<group>"; };
		0BB3DCF12694A3C90099F773 /* MyPlanCell.swift */ = {isa = PBXFileReference; lastKnownFileType = sourcecode.swift; path = MyPlanCell.swift; sourceTree = "<group>"; };
		0BB3DCF32694C3970099F773 /* PlanViewController+UI.swift */ = {isa = PBXFileReference; lastKnownFileType = sourcecode.swift; path = "PlanViewController+UI.swift"; sourceTree = "<group>"; };
		C101638E25B0950F0079EB69 /* SelectingVerseRouter.swift */ = {isa = PBXFileReference; lastKnownFileType = sourcecode.swift; path = SelectingVerseRouter.swift; sourceTree = "<group>"; };
		C101638F25B0950F0079EB69 /* SelectingVerseViewController.swift */ = {isa = PBXFileReference; lastKnownFileType = sourcecode.swift; path = SelectingVerseViewController.swift; sourceTree = "<group>"; };
		C101639025B0950F0079EB69 /* SelectingVerseBuilder.swift */ = {isa = PBXFileReference; lastKnownFileType = sourcecode.swift; path = SelectingVerseBuilder.swift; sourceTree = "<group>"; };
		C101639125B0950F0079EB69 /* SelectingVerseInteractor.swift */ = {isa = PBXFileReference; lastKnownFileType = sourcecode.swift; path = SelectingVerseInteractor.swift; sourceTree = "<group>"; };
		C101639225B0950F0079EB69 /* SelectingVerseViewController.xib */ = {isa = PBXFileReference; lastKnownFileType = file.xib; path = SelectingVerseViewController.xib; sourceTree = "<group>"; };
		C1103AB925BDA111002AEABA /* UITabBarController + Ex.swift */ = {isa = PBXFileReference; lastKnownFileType = sourcecode.swift; path = "UITabBarController + Ex.swift"; sourceTree = "<group>"; };
		C1103ABE25BE60AA002AEABA /* SchedulesManager.swift */ = {isa = PBXFileReference; lastKnownFileType = sourcecode.swift; path = SchedulesManager.swift; sourceTree = "<group>"; };
		C12069B925C2E9D800C8A7B7 /* PrayerRouter.swift */ = {isa = PBXFileReference; lastKnownFileType = sourcecode.swift; path = PrayerRouter.swift; sourceTree = "<group>"; };
		C12069BA25C2E9D800C8A7B7 /* PrayerViewController.storyboard */ = {isa = PBXFileReference; lastKnownFileType = file.storyboard; path = PrayerViewController.storyboard; sourceTree = "<group>"; };
		C12069BB25C2E9D800C8A7B7 /* PrayerViewController.swift */ = {isa = PBXFileReference; lastKnownFileType = sourcecode.swift; path = PrayerViewController.swift; sourceTree = "<group>"; };
		C12069BC25C2E9D800C8A7B7 /* PrayerBuilder.swift */ = {isa = PBXFileReference; lastKnownFileType = sourcecode.swift; path = PrayerBuilder.swift; sourceTree = "<group>"; };
		C12069BD25C2E9D800C8A7B7 /* PrayerInteractor.swift */ = {isa = PBXFileReference; lastKnownFileType = sourcecode.swift; path = PrayerInteractor.swift; sourceTree = "<group>"; };
		C12B915F25B0340800DD6FB1 /* SettingRouter.swift */ = {isa = PBXFileReference; lastKnownFileType = sourcecode.swift; path = SettingRouter.swift; sourceTree = "<group>"; };
		C12B916025B0340800DD6FB1 /* SettingViewController.storyboard */ = {isa = PBXFileReference; lastKnownFileType = file.storyboard; path = SettingViewController.storyboard; sourceTree = "<group>"; };
		C12B916125B0340800DD6FB1 /* SettingViewController.swift */ = {isa = PBXFileReference; lastKnownFileType = sourcecode.swift; path = SettingViewController.swift; sourceTree = "<group>"; };
		C12B916225B0340800DD6FB1 /* SettingBuilder.swift */ = {isa = PBXFileReference; lastKnownFileType = sourcecode.swift; path = SettingBuilder.swift; sourceTree = "<group>"; };
		C12B916325B0340800DD6FB1 /* SettingInteractor.swift */ = {isa = PBXFileReference; lastKnownFileType = sourcecode.swift; path = SettingInteractor.swift; sourceTree = "<group>"; };
		C12B917025B03DE400DD6FB1 /* BibleVerseCell.swift */ = {isa = PBXFileReference; lastKnownFileType = sourcecode.swift; path = BibleVerseCell.swift; sourceTree = "<group>"; };
		C12B917125B03DE400DD6FB1 /* BibleVerseCell.xib */ = {isa = PBXFileReference; lastKnownFileType = file.xib; path = BibleVerseCell.xib; sourceTree = "<group>"; };
		C15CF17025E5309D00C3AC6E /* Array + Ex.swift */ = {isa = PBXFileReference; lastKnownFileType = sourcecode.swift; path = "Array + Ex.swift"; sourceTree = "<group>"; };
		C15DF0FF25E40DE700D447FC /* PrayerOptionView.swift */ = {isa = PBXFileReference; lastKnownFileType = sourcecode.swift; path = PrayerOptionView.swift; sourceTree = "<group>"; };
		C1682BAF25AF368C00E8564A /* ChildViewControllable.swift */ = {isa = PBXFileReference; lastKnownFileType = sourcecode.swift; path = ChildViewControllable.swift; sourceTree = "<group>"; };
		C168CEF225AC85C9008C1AFE /* Arise&Shine.app */ = {isa = PBXFileReference; explicitFileType = wrapper.application; includeInIndex = 0; path = "Arise&Shine.app"; sourceTree = BUILT_PRODUCTS_DIR; };
		C168CEF525AC85C9008C1AFE /* AppDelegate.swift */ = {isa = PBXFileReference; lastKnownFileType = sourcecode.swift; path = AppDelegate.swift; sourceTree = "<group>"; };
		C168CEF725AC85C9008C1AFE /* SceneDelegate.swift */ = {isa = PBXFileReference; lastKnownFileType = sourcecode.swift; path = SceneDelegate.swift; sourceTree = "<group>"; };
		C168CEFE25AC85CC008C1AFE /* Assets.xcassets */ = {isa = PBXFileReference; lastKnownFileType = folder.assetcatalog; path = Assets.xcassets; sourceTree = "<group>"; };
		C168CF0125AC85CC008C1AFE /* Base */ = {isa = PBXFileReference; lastKnownFileType = file.storyboard; name = Base; path = Base.lproj/LaunchScreen.storyboard; sourceTree = "<group>"; };
		C168CF0325AC85CC008C1AFE /* Info.plist */ = {isa = PBXFileReference; lastKnownFileType = text.plist.xml; path = Info.plist; sourceTree = "<group>"; };
		C168CF0825AC85CC008C1AFE /* Arise&ShineTests.xctest */ = {isa = PBXFileReference; explicitFileType = wrapper.cfbundle; includeInIndex = 0; path = "Arise&ShineTests.xctest"; sourceTree = BUILT_PRODUCTS_DIR; };
		C168CF0C25AC85CC008C1AFE /* Arise_ShineTests.swift */ = {isa = PBXFileReference; lastKnownFileType = sourcecode.swift; path = Arise_ShineTests.swift; sourceTree = "<group>"; };
		C168CF0E25AC85CC008C1AFE /* Info.plist */ = {isa = PBXFileReference; lastKnownFileType = text.plist.xml; path = Info.plist; sourceTree = "<group>"; };
		C168CF1325AC85CC008C1AFE /* Arise&ShineUITests.xctest */ = {isa = PBXFileReference; explicitFileType = wrapper.cfbundle; includeInIndex = 0; path = "Arise&ShineUITests.xctest"; sourceTree = BUILT_PRODUCTS_DIR; };
		C168CF1725AC85CC008C1AFE /* Arise_ShineUITests.swift */ = {isa = PBXFileReference; lastKnownFileType = sourcecode.swift; path = Arise_ShineUITests.swift; sourceTree = "<group>"; };
		C168CF1925AC85CC008C1AFE /* Info.plist */ = {isa = PBXFileReference; lastKnownFileType = text.plist.xml; path = Info.plist; sourceTree = "<group>"; };
		C168CF4525AC8834008C1AFE /* RootRouter.swift */ = {isa = PBXFileReference; lastKnownFileType = sourcecode.swift; path = RootRouter.swift; sourceTree = "<group>"; };
		C168CF4625AC8834008C1AFE /* RootViewController.swift */ = {isa = PBXFileReference; lastKnownFileType = sourcecode.swift; path = RootViewController.swift; sourceTree = "<group>"; };
		C168CF4725AC8834008C1AFE /* RootBuilder.swift */ = {isa = PBXFileReference; lastKnownFileType = sourcecode.swift; path = RootBuilder.swift; sourceTree = "<group>"; };
		C168CF4825AC8834008C1AFE /* RootInteractor.swift */ = {isa = PBXFileReference; lastKnownFileType = sourcecode.swift; path = RootInteractor.swift; sourceTree = "<group>"; };
		C16BD19C25C4324300C8139F /* VIPManager.swift */ = {isa = PBXFileReference; lastKnownFileType = sourcecode.swift; path = VIPManager.swift; sourceTree = "<group>"; };
		C16BD1A225C440C200C8139F /* VIPCell.swift */ = {isa = PBXFileReference; lastKnownFileType = sourcecode.swift; path = VIPCell.swift; sourceTree = "<group>"; };
		C16BD1A325C440C200C8139F /* VIPCell.xib */ = {isa = PBXFileReference; lastKnownFileType = file.xib; path = VIPCell.xib; sourceTree = "<group>"; };
		C16BD1B125C4568D00C8139F /* VIPHeader.swift */ = {isa = PBXFileReference; lastKnownFileType = sourcecode.swift; path = VIPHeader.swift; sourceTree = "<group>"; };
		C16BD1B725C4674B00C8139F /* NewVIPRouter.swift */ = {isa = PBXFileReference; lastKnownFileType = sourcecode.swift; path = NewVIPRouter.swift; sourceTree = "<group>"; };
		C16BD1B825C4674B00C8139F /* NewVIPViewController.storyboard */ = {isa = PBXFileReference; lastKnownFileType = file.storyboard; path = NewVIPViewController.storyboard; sourceTree = "<group>"; };
		C16BD1B925C4674B00C8139F /* NewVIPViewController.swift */ = {isa = PBXFileReference; lastKnownFileType = sourcecode.swift; path = NewVIPViewController.swift; sourceTree = "<group>"; };
		C16BD1BA25C4674B00C8139F /* NewVIPBuilder.swift */ = {isa = PBXFileReference; lastKnownFileType = sourcecode.swift; path = NewVIPBuilder.swift; sourceTree = "<group>"; };
		C16BD1BB25C4674B00C8139F /* NewVIPInteractor.swift */ = {isa = PBXFileReference; lastKnownFileType = sourcecode.swift; path = NewVIPInteractor.swift; sourceTree = "<group>"; };
		C16BD1E425C4808600C8139F /* VIP.swift */ = {isa = PBXFileReference; lastKnownFileType = sourcecode.swift; path = VIP.swift; sourceTree = "<group>"; };
		C16BD1EC25C480EC00C8139F /* VIPSection.swift */ = {isa = PBXFileReference; lastKnownFileType = sourcecode.swift; path = VIPSection.swift; sourceTree = "<group>"; };
		C16BD1F225C486CC00C8139F /* VIPDetailRouter.swift */ = {isa = PBXFileReference; lastKnownFileType = sourcecode.swift; path = VIPDetailRouter.swift; sourceTree = "<group>"; };
		C16BD1F325C486CC00C8139F /* VIPDetailViewController.storyboard */ = {isa = PBXFileReference; lastKnownFileType = file.storyboard; path = VIPDetailViewController.storyboard; sourceTree = "<group>"; };
		C16BD1F425C486CC00C8139F /* VIPDetailViewController.swift */ = {isa = PBXFileReference; lastKnownFileType = sourcecode.swift; path = VIPDetailViewController.swift; sourceTree = "<group>"; };
		C16BD1F525C486CC00C8139F /* VIPDetailBuilder.swift */ = {isa = PBXFileReference; lastKnownFileType = sourcecode.swift; path = VIPDetailBuilder.swift; sourceTree = "<group>"; };
		C16BD1F625C486CC00C8139F /* VIPDetailInteractor.swift */ = {isa = PBXFileReference; lastKnownFileType = sourcecode.swift; path = VIPDetailInteractor.swift; sourceTree = "<group>"; };
		C16BD20525C49DAE00C8139F /* Prayer.swift */ = {isa = PBXFileReference; lastKnownFileType = sourcecode.swift; path = Prayer.swift; sourceTree = "<group>"; };
		C16BD20A25C49DFF00C8139F /* PrayerManager.swift */ = {isa = PBXFileReference; lastKnownFileType = sourcecode.swift; path = PrayerManager.swift; sourceTree = "<group>"; };
		C16BD21F25C5170D00C8139F /* NewPrayerRouter.swift */ = {isa = PBXFileReference; lastKnownFileType = sourcecode.swift; path = NewPrayerRouter.swift; sourceTree = "<group>"; };
		C16BD22025C5170D00C8139F /* NewPrayerViewController.storyboard */ = {isa = PBXFileReference; lastKnownFileType = file.storyboard; path = NewPrayerViewController.storyboard; sourceTree = "<group>"; };
		C16BD22125C5170D00C8139F /* NewPrayerViewController.swift */ = {isa = PBXFileReference; lastKnownFileType = sourcecode.swift; path = NewPrayerViewController.swift; sourceTree = "<group>"; };
		C16BD22225C5170D00C8139F /* NewPrayerBuilder.swift */ = {isa = PBXFileReference; lastKnownFileType = sourcecode.swift; path = NewPrayerBuilder.swift; sourceTree = "<group>"; };
		C16BD22325C5170D00C8139F /* NewPrayerInteractor.swift */ = {isa = PBXFileReference; lastKnownFileType = sourcecode.swift; path = NewPrayerInteractor.swift; sourceTree = "<group>"; };
		C1A3331E25E0360B007D0807 /* UILabel + Ex.swift */ = {isa = PBXFileReference; lastKnownFileType = sourcecode.swift; path = "UILabel + Ex.swift"; sourceTree = "<group>"; };
		C1BE039825C07F4600D028E7 /* UserDefaults + Ex.swift */ = {isa = PBXFileReference; lastKnownFileType = sourcecode.swift; path = "UserDefaults + Ex.swift"; sourceTree = "<group>"; };
		C1D02C1025AC89E20001CF6C /* AppComponent.swift */ = {isa = PBXFileReference; lastKnownFileType = sourcecode.swift; path = AppComponent.swift; sourceTree = "<group>"; };
		C1D02C1625AC8DAA0001CF6C /* MainTabBarRouter.swift */ = {isa = PBXFileReference; lastKnownFileType = sourcecode.swift; path = MainTabBarRouter.swift; sourceTree = "<group>"; };
		C1D02C1725AC8DAA0001CF6C /* MainTabBarViewController.swift */ = {isa = PBXFileReference; lastKnownFileType = sourcecode.swift; path = MainTabBarViewController.swift; sourceTree = "<group>"; };
		C1D02C1825AC8DAA0001CF6C /* MainTabBarBuilder.swift */ = {isa = PBXFileReference; lastKnownFileType = sourcecode.swift; path = MainTabBarBuilder.swift; sourceTree = "<group>"; };
		C1D02C1925AC8DAA0001CF6C /* MainTabBarInteractor.swift */ = {isa = PBXFileReference; lastKnownFileType = sourcecode.swift; path = MainTabBarInteractor.swift; sourceTree = "<group>"; };
		C1D02C2525AC939A0001CF6C /* BibleRouter.swift */ = {isa = PBXFileReference; lastKnownFileType = sourcecode.swift; path = BibleRouter.swift; sourceTree = "<group>"; };
		C1D02C2625AC939A0001CF6C /* BibleViewController.storyboard */ = {isa = PBXFileReference; lastKnownFileType = file.storyboard; path = BibleViewController.storyboard; sourceTree = "<group>"; };
		C1D02C2725AC939A0001CF6C /* BibleViewController.swift */ = {isa = PBXFileReference; lastKnownFileType = sourcecode.swift; path = BibleViewController.swift; sourceTree = "<group>"; };
		C1D02C2825AC939A0001CF6C /* BibleBuilder.swift */ = {isa = PBXFileReference; lastKnownFileType = sourcecode.swift; path = BibleBuilder.swift; sourceTree = "<group>"; };
		C1D02C2925AC939A0001CF6C /* BibleInteractor.swift */ = {isa = PBXFileReference; lastKnownFileType = sourcecode.swift; path = BibleInteractor.swift; sourceTree = "<group>"; };
		C1D02C3325AC94EC0001CF6C /* UINavigation + Ex.swift */ = {isa = PBXFileReference; lastKnownFileType = sourcecode.swift; path = "UINavigation + Ex.swift"; sourceTree = "<group>"; };
		C1D02C5225ADFA270001CF6C /* Kor.sqlite3 */ = {isa = PBXFileReference; lastKnownFileType = file; path = Kor.sqlite3; sourceTree = "<group>"; };
		C1D02C8725AE74BF0001CF6C /* UIViewController + Ex.swift */ = {isa = PBXFileReference; lastKnownFileType = sourcecode.swift; path = "UIViewController + Ex.swift"; sourceTree = "<group>"; };
		C1D02C8C25AE74F20001CF6C /* NSObject + Ex.swift */ = {isa = PBXFileReference; lastKnownFileType = sourcecode.swift; path = "NSObject + Ex.swift"; sourceTree = "<group>"; };
		C1D02CA425AE83120001CF6C /* BaseViewController.swift */ = {isa = PBXFileReference; lastKnownFileType = sourcecode.swift; path = BaseViewController.swift; sourceTree = "<group>"; };
		C1D02CAA25AE89A40001CF6C /* SelectRouter.swift */ = {isa = PBXFileReference; lastKnownFileType = sourcecode.swift; path = SelectRouter.swift; sourceTree = "<group>"; };
		C1D02CAB25AE89A40001CF6C /* SelectViewController.storyboard */ = {isa = PBXFileReference; lastKnownFileType = file.storyboard; path = SelectViewController.storyboard; sourceTree = "<group>"; };
		C1D02CAC25AE89A40001CF6C /* SelectViewController.swift */ = {isa = PBXFileReference; lastKnownFileType = sourcecode.swift; path = SelectViewController.swift; sourceTree = "<group>"; };
		C1D02CAD25AE89A40001CF6C /* SelectBuilder.swift */ = {isa = PBXFileReference; lastKnownFileType = sourcecode.swift; path = SelectBuilder.swift; sourceTree = "<group>"; };
		C1D02CAE25AE89A40001CF6C /* SelectInteractor.swift */ = {isa = PBXFileReference; lastKnownFileType = sourcecode.swift; path = SelectInteractor.swift; sourceTree = "<group>"; };
		C1D02CB925AE961F0001CF6C /* BiblePresentableState.swift */ = {isa = PBXFileReference; lastKnownFileType = sourcecode.swift; path = BiblePresentableState.swift; sourceTree = "<group>"; };
		C1D02CC725AE97AF0001CF6C /* BibleManager.swift */ = {isa = PBXFileReference; lastKnownFileType = sourcecode.swift; path = BibleManager.swift; sourceTree = "<group>"; };
		C1D02CCF25AEC1770001CF6C /* BibleChapter.swift */ = {isa = PBXFileReference; lastKnownFileType = sourcecode.swift; path = BibleChapter.swift; sourceTree = "<group>"; };
		C1DDA3F325B1D74500FCFDD3 /* SelectPlanRouter.swift */ = {isa = PBXFileReference; lastKnownFileType = sourcecode.swift; path = SelectPlanRouter.swift; sourceTree = "<group>"; };
		C1DDA3F425B1D74500FCFDD3 /* SelectPlanViewController.storyboard */ = {isa = PBXFileReference; lastKnownFileType = file.storyboard; path = SelectPlanViewController.storyboard; sourceTree = "<group>"; };
		C1DDA3F525B1D74500FCFDD3 /* SelectPlanViewController.swift */ = {isa = PBXFileReference; lastKnownFileType = sourcecode.swift; path = SelectPlanViewController.swift; sourceTree = "<group>"; };
		C1DDA3F625B1D74500FCFDD3 /* SelectPlanBuilder.swift */ = {isa = PBXFileReference; lastKnownFileType = sourcecode.swift; path = SelectPlanBuilder.swift; sourceTree = "<group>"; };
		C1DDA3F725B1D74500FCFDD3 /* SelectPlanInteractor.swift */ = {isa = PBXFileReference; lastKnownFileType = sourcecode.swift; path = SelectPlanInteractor.swift; sourceTree = "<group>"; };
		C1DDA40625B295A400FCFDD3 /* Schedule.swift */ = {isa = PBXFileReference; lastKnownFileType = sourcecode.swift; path = Schedule.swift; sourceTree = "<group>"; };
		C1E775FA25CE3CA100C2FCB9 /* PrayerCell.swift */ = {isa = PBXFileReference; lastKnownFileType = sourcecode.swift; path = PrayerCell.swift; sourceTree = "<group>"; };
		C1E775FB25CE3CA100C2FCB9 /* PrayerCell.xib */ = {isa = PBXFileReference; lastKnownFileType = file.xib; path = PrayerCell.xib; sourceTree = "<group>"; };
		C1E7CB0225B5961200E14AB7 /* PlanCell.swift */ = {isa = PBXFileReference; lastKnownFileType = sourcecode.swift; path = PlanCell.swift; sourceTree = "<group>"; };
		C1E7CB0325B5961200E14AB7 /* PlanCell.xib */ = {isa = PBXFileReference; lastKnownFileType = file.xib; path = PlanCell.xib; sourceTree = "<group>"; };
		C1FB96B025BFACAE00D470A9 /* BibleFontRouter.swift */ = {isa = PBXFileReference; lastKnownFileType = sourcecode.swift; path = BibleFontRouter.swift; sourceTree = "<group>"; };
		C1FB96B125BFACAE00D470A9 /* BibleFontViewController.storyboard */ = {isa = PBXFileReference; lastKnownFileType = file.storyboard; path = BibleFontViewController.storyboard; sourceTree = "<group>"; };
		C1FB96B225BFACAE00D470A9 /* BibleFontViewController.swift */ = {isa = PBXFileReference; lastKnownFileType = sourcecode.swift; path = BibleFontViewController.swift; sourceTree = "<group>"; };
		C1FB96B325BFACAE00D470A9 /* BibleFontBuilder.swift */ = {isa = PBXFileReference; lastKnownFileType = sourcecode.swift; path = BibleFontBuilder.swift; sourceTree = "<group>"; };
		C1FB96B425BFACAE00D470A9 /* BibleFontInteractor.swift */ = {isa = PBXFileReference; lastKnownFileType = sourcecode.swift; path = BibleFontInteractor.swift; sourceTree = "<group>"; };
/* End PBXFileReference section */

/* Begin PBXFrameworksBuildPhase section */
		C168CEEF25AC85C9008C1AFE /* Frameworks */ = {
			isa = PBXFrameworksBuildPhase;
			buildActionMask = 2147483647;
			files = (
				C1D02C3A25AC99ED0001CF6C /* SQLite in Frameworks */,
				C12069E425C32F6A00C8A7B7 /* RxDataSources in Frameworks */,
				C12B917925B04A1300DD6FB1 /* Then in Frameworks */,
				C1BE03A825C0976800D028E7 /* Toaster in Frameworks */,
				C1E775F525CD705700C2FCB9 /* RxKeyboard in Frameworks */,
				C1682BD825AFE4EC00E8564A /* SnapKit in Frameworks */,
				C12069E225C32F6A00C8A7B7 /* Differentiator in Frameworks */,
				C11FF95C25CC574100E347D7 /* RxGesture in Frameworks */,
				C168CF3225AC8722008C1AFE /* RxCocoa in Frameworks */,
				C1FB96AB25BFAC4F00D470A9 /* PanModal in Frameworks */,
				C1D02C4025ADBB810001CF6C /* RxAppState in Frameworks */,
				C168CF3025AC8722008C1AFE /* RxSwift in Frameworks */,
				C168CF3825AC8745008C1AFE /* ReactorKit in Frameworks */,
				C1682BC725AFDACD00E8564A /* FSCalendar in Frameworks */,
				C168CF2A25AC8667008C1AFE /* RIBs in Frameworks */,
			);
			runOnlyForDeploymentPostprocessing = 0;
		};
		C168CF0525AC85CC008C1AFE /* Frameworks */ = {
			isa = PBXFrameworksBuildPhase;
			buildActionMask = 2147483647;
			files = (
			);
			runOnlyForDeploymentPostprocessing = 0;
		};
		C168CF1025AC85CC008C1AFE /* Frameworks */ = {
			isa = PBXFrameworksBuildPhase;
			buildActionMask = 2147483647;
			files = (
			);
			runOnlyForDeploymentPostprocessing = 0;
		};
/* End PBXFrameworksBuildPhase section */

/* Begin PBXGroup section */
		0B31CC4B269817EA002DD687 /* PlanDetail */ = {
			isa = PBXGroup;
			children = (
				0B31CC562698195B002DD687 /* Components */,
				0B31CC4C269817FF002DD687 /* PlanDetailRouter.swift */,
				0B31CC4E269817FF002DD687 /* PlanDetailBuilder.swift */,
				0B31CC4F269817FF002DD687 /* PlanDetailInteractor.swift */,
				0B31CC4D269817FF002DD687 /* PlanDetailViewController.swift */,
				0B31CC5426981874002DD687 /* PlanDetailViewController + UI.swift */,
			);
			path = PlanDetail;
			sourceTree = "<group>";
		};
		0B31CC562698195B002DD687 /* Components */ = {
			isa = PBXGroup;
			children = (
				0B31CC412697D041002DD687 /* PlanDateCell.swift */,
			);
			path = Components;
			sourceTree = "<group>";
		};
		0B330932262537EB0063BD46 /* Plan */ = {
			isa = PBXGroup;
			children = (
				0BB3DCE826948E680099F773 /* Components */,
				0B330933262539680063BD46 /* PlanRouter.swift */,
				0B330936262539680063BD46 /* PlanBuilder.swift */,
				0B330937262539680063BD46 /* PlanInteractor.swift */,
				0B330935262539680063BD46 /* PlanViewController.swift */,
				0BB3DCF32694C3970099F773 /* PlanViewController+UI.swift */,
			);
			path = Plan;
			sourceTree = "<group>";
		};
		0BB3DCE826948E680099F773 /* Components */ = {
			isa = PBXGroup;
			children = (
				0BB3DCEF26948F360099F773 /* InProgressReadingCell.swift */,
				0BB3DCED26948F260099F773 /* PlanListCell.swift */,
				0BB3DCF12694A3C90099F773 /* MyPlanCell.swift */,
				0B31CC572698496B002DD687 /* PlanPresetCell.swift */,
			);
			path = Components;
			sourceTree = "<group>";
		};
		C101638D25B094E20079EB69 /* SelectingVerse */ = {
			isa = PBXGroup;
			children = (
				C101638E25B0950F0079EB69 /* SelectingVerseRouter.swift */,
				C101639025B0950F0079EB69 /* SelectingVerseBuilder.swift */,
				C101639125B0950F0079EB69 /* SelectingVerseInteractor.swift */,
				C101638F25B0950F0079EB69 /* SelectingVerseViewController.swift */,
				C101639225B0950F0079EB69 /* SelectingVerseViewController.xib */,
			);
			path = SelectingVerse;
			sourceTree = "<group>";
		};
		C12069B825C2E98900C8A7B7 /* Prayer */ = {
			isa = PBXGroup;
			children = (
				C16BD19B25C42B6C00C8139F /* PrayerComponents */,
				C12069B925C2E9D800C8A7B7 /* PrayerRouter.swift */,
				C12069BC25C2E9D800C8A7B7 /* PrayerBuilder.swift */,
				C12069BD25C2E9D800C8A7B7 /* PrayerInteractor.swift */,
				C12069BB25C2E9D800C8A7B7 /* PrayerViewController.swift */,
				C12069BA25C2E9D800C8A7B7 /* PrayerViewController.storyboard */,
			);
			path = Prayer;
			sourceTree = "<group>";
		};
		C12B915E25B0339700DD6FB1 /* Setting */ = {
			isa = PBXGroup;
			children = (
				C12B915F25B0340800DD6FB1 /* SettingRouter.swift */,
				C12B916225B0340800DD6FB1 /* SettingBuilder.swift */,
				C12B916325B0340800DD6FB1 /* SettingInteractor.swift */,
				C12B916125B0340800DD6FB1 /* SettingViewController.swift */,
				C12B916025B0340800DD6FB1 /* SettingViewController.storyboard */,
			);
			path = Setting;
			sourceTree = "<group>";
		};
		C12B916F25B03DBB00DD6FB1 /* Components */ = {
			isa = PBXGroup;
			children = (
				C12B917025B03DE400DD6FB1 /* BibleVerseCell.swift */,
				C12B917125B03DE400DD6FB1 /* BibleVerseCell.xib */,
			);
			path = Components;
			sourceTree = "<group>";
		};
		C1682BAE25AF367200E8564A /* Protocols */ = {
			isa = PBXGroup;
			children = (
				C1682BAF25AF368C00E8564A /* ChildViewControllable.swift */,
			);
			path = Protocols;
			sourceTree = "<group>";
		};
		C168CEE925AC85C9008C1AFE = {
			isa = PBXGroup;
			children = (
				C168CEF425AC85C9008C1AFE /* Arise&Shine */,
				C168CF0B25AC85CC008C1AFE /* Arise&ShineTests */,
				C168CF1625AC85CC008C1AFE /* Arise&ShineUITests */,
				C168CEF325AC85C9008C1AFE /* Products */,
			);
			sourceTree = "<group>";
		};
		C168CEF325AC85C9008C1AFE /* Products */ = {
			isa = PBXGroup;
			children = (
				C168CEF225AC85C9008C1AFE /* Arise&Shine.app */,
				C168CF0825AC85CC008C1AFE /* Arise&ShineTests.xctest */,
				C168CF1325AC85CC008C1AFE /* Arise&ShineUITests.xctest */,
			);
			name = Products;
			sourceTree = "<group>";
		};
		C168CEF425AC85C9008C1AFE /* Arise&Shine */ = {
			isa = PBXGroup;
			children = (
				C1D02C9225AE77220001CF6C /* Scource */,
				C1D02C4425ADBFDD0001CF6C /* Resource */,
			);
			path = "Arise&Shine";
			sourceTree = "<group>";
		};
		C168CF0B25AC85CC008C1AFE /* Arise&ShineTests */ = {
			isa = PBXGroup;
			children = (
				C168CF0C25AC85CC008C1AFE /* Arise_ShineTests.swift */,
				C168CF0E25AC85CC008C1AFE /* Info.plist */,
			);
			path = "Arise&ShineTests";
			sourceTree = "<group>";
		};
		C168CF1625AC85CC008C1AFE /* Arise&ShineUITests */ = {
			isa = PBXGroup;
			children = (
				C168CF1725AC85CC008C1AFE /* Arise_ShineUITests.swift */,
				C168CF1925AC85CC008C1AFE /* Info.plist */,
			);
			path = "Arise&ShineUITests";
			sourceTree = "<group>";
		};
		C168CF3C25AC8769008C1AFE /* AppStart */ = {
			isa = PBXGroup;
			children = (
				C168CEF525AC85C9008C1AFE /* AppDelegate.swift */,
				C168CEF725AC85C9008C1AFE /* SceneDelegate.swift */,
				C1D02C1025AC89E20001CF6C /* AppComponent.swift */,
			);
			path = AppStart;
			sourceTree = "<group>";
		};
		C168CF4325AC8816008C1AFE /* Presentation */ = {
			isa = PBXGroup;
			children = (
				C1682BAE25AF367200E8564A /* Protocols */,
				C1D02CA325AE83070001CF6C /* BaseComponents */,
				C1D02C9125AE76F20001CF6C /* Scene */,
			);
			path = Presentation;
			sourceTree = "<group>";
		};
		C168CF4425AC8827008C1AFE /* Root */ = {
			isa = PBXGroup;
			children = (
				C168CF4525AC8834008C1AFE /* RootRouter.swift */,
				C168CF4725AC8834008C1AFE /* RootBuilder.swift */,
				C168CF4825AC8834008C1AFE /* RootInteractor.swift */,
				C168CF4625AC8834008C1AFE /* RootViewController.swift */,
			);
			path = Root;
			sourceTree = "<group>";
		};
		C16BD19B25C42B6C00C8139F /* PrayerComponents */ = {
			isa = PBXGroup;
			children = (
				C16BD1A225C440C200C8139F /* VIPCell.swift */,
				C16BD1A325C440C200C8139F /* VIPCell.xib */,
				C16BD1B125C4568D00C8139F /* VIPHeader.swift */,
				C16BD1EC25C480EC00C8139F /* VIPSection.swift */,
			);
			path = PrayerComponents;
			sourceTree = "<group>";
		};
		C16BD1B625C4671D00C8139F /* NewVIP */ = {
			isa = PBXGroup;
			children = (
				C16BD1B725C4674B00C8139F /* NewVIPRouter.swift */,
				C16BD1BA25C4674B00C8139F /* NewVIPBuilder.swift */,
				C16BD1BB25C4674B00C8139F /* NewVIPInteractor.swift */,
				C16BD1B925C4674B00C8139F /* NewVIPViewController.swift */,
				C16BD1B825C4674B00C8139F /* NewVIPViewController.storyboard */,
			);
			path = NewVIP;
			sourceTree = "<group>";
		};
		C16BD1F125C4828100C8139F /* VIPDetail */ = {
			isa = PBXGroup;
			children = (
				C1E775F925CE3C7700C2FCB9 /* Components */,
				C16BD1F225C486CC00C8139F /* VIPDetailRouter.swift */,
				C16BD1F525C486CC00C8139F /* VIPDetailBuilder.swift */,
				C16BD1F625C486CC00C8139F /* VIPDetailInteractor.swift */,
				C16BD1F425C486CC00C8139F /* VIPDetailViewController.swift */,
				C16BD1F325C486CC00C8139F /* VIPDetailViewController.storyboard */,
			);
			path = VIPDetail;
			sourceTree = "<group>";
		};
		C16BD21E25C516F700C8139F /* NewPrayer */ = {
			isa = PBXGroup;
			children = (
				C16BD21F25C5170D00C8139F /* NewPrayerRouter.swift */,
				C16BD22225C5170D00C8139F /* NewPrayerBuilder.swift */,
				C16BD22325C5170D00C8139F /* NewPrayerInteractor.swift */,
				C16BD22125C5170D00C8139F /* NewPrayerViewController.swift */,
				C16BD22025C5170D00C8139F /* NewPrayerViewController.storyboard */,
			);
			path = NewPrayer;
			sourceTree = "<group>";
		};
		C1D02C1525AC8CF70001CF6C /* MainTabBar */ = {
			isa = PBXGroup;
			children = (
				C1D02C1625AC8DAA0001CF6C /* MainTabBarRouter.swift */,
				C1D02C1825AC8DAA0001CF6C /* MainTabBarBuilder.swift */,
				C1D02C1925AC8DAA0001CF6C /* MainTabBarInteractor.swift */,
				C1D02C1725AC8DAA0001CF6C /* MainTabBarViewController.swift */,
			);
			path = MainTabBar;
			sourceTree = "<group>";
		};
		C1D02C2425AC937D0001CF6C /* Bible */ = {
			isa = PBXGroup;
			children = (
				C12B916F25B03DBB00DD6FB1 /* Components */,
				C1D02C2525AC939A0001CF6C /* BibleRouter.swift */,
				C1D02C2825AC939A0001CF6C /* BibleBuilder.swift */,
				C1D02C2925AC939A0001CF6C /* BibleInteractor.swift */,
				C1D02C2725AC939A0001CF6C /* BibleViewController.swift */,
				C1D02C2625AC939A0001CF6C /* BibleViewController.storyboard */,
			);
			path = Bible;
			sourceTree = "<group>";
		};
		C1D02C3225AC94C90001CF6C /* Extensions */ = {
			isa = PBXGroup;
			children = (
				C1D02C3325AC94EC0001CF6C /* UINavigation + Ex.swift */,
				C1D02C8725AE74BF0001CF6C /* UIViewController + Ex.swift */,
				C1D02C8C25AE74F20001CF6C /* NSObject + Ex.swift */,
				C1103AB925BDA111002AEABA /* UITabBarController + Ex.swift */,
				C1BE039825C07F4600D028E7 /* UserDefaults + Ex.swift */,
				C1A3331E25E0360B007D0807 /* UILabel + Ex.swift */,
				C15CF17025E5309D00C3AC6E /* Array + Ex.swift */,
				0B31CC4926981304002DD687 /* CALayer + Ex.swift */,
			);
			path = Extensions;
			sourceTree = "<group>";
		};
		C1D02C4425ADBFDD0001CF6C /* Resource */ = {
			isa = PBXGroup;
			children = (
				C1D02C9625AE77440001CF6C /* Supporting Files */,
				C1D02C5225ADFA270001CF6C /* Kor.sqlite3 */,
				C168CEFE25AC85CC008C1AFE /* Assets.xcassets */,
				C168CF0025AC85CC008C1AFE /* LaunchScreen.storyboard */,
			);
			path = Resource;
			sourceTree = "<group>";
		};
		C1D02C9125AE76F20001CF6C /* Scene */ = {
			isa = PBXGroup;
			children = (
				C168CF4425AC8827008C1AFE /* Root */,
				C1D02C1525AC8CF70001CF6C /* MainTabBar */,
				C1D02C2425AC937D0001CF6C /* Bible */,
				C1FB96AF25BFAC9700D470A9 /* BibleFont */,
				C12069B825C2E98900C8A7B7 /* Prayer */,
				C16BD1B625C4671D00C8139F /* NewVIP */,
				C16BD1F125C4828100C8139F /* VIPDetail */,
				C16BD21E25C516F700C8139F /* NewPrayer */,
				C1D02CA925AE88430001CF6C /* Select */,
				C101638D25B094E20079EB69 /* SelectingVerse */,
				0B330932262537EB0063BD46 /* Plan */,
				0B31CC4B269817EA002DD687 /* PlanDetail */,
				C12B915E25B0339700DD6FB1 /* Setting */,
				C1DDA3F225B1D70C00FCFDD3 /* SelectPlan */,
			);
			path = Scene;
			sourceTree = "<group>";
		};
		C1D02C9225AE77220001CF6C /* Scource */ = {
			isa = PBXGroup;
			children = (
				C1D02CBE25AE96340001CF6C /* Platform */,
				C1D02CB825AE96000001CF6C /* Domain */,
				C1D02C3225AC94C90001CF6C /* Extensions */,
				C168CF3C25AC8769008C1AFE /* AppStart */,
				C168CF4325AC8816008C1AFE /* Presentation */,
			);
			path = Scource;
			sourceTree = "<group>";
		};
		C1D02C9625AE77440001CF6C /* Supporting Files */ = {
			isa = PBXGroup;
			children = (
				C168CF0325AC85CC008C1AFE /* Info.plist */,
			);
			path = "Supporting Files";
			sourceTree = "<group>";
		};
		C1D02CA325AE83070001CF6C /* BaseComponents */ = {
			isa = PBXGroup;
			children = (
				C1D02CA425AE83120001CF6C /* BaseViewController.swift */,
				0B31CC47269802D4002DD687 /* CircleView.swift */,
			);
			path = BaseComponents;
			sourceTree = "<group>";
		};
		C1D02CA925AE88430001CF6C /* Select */ = {
			isa = PBXGroup;
			children = (
				C1D02CAA25AE89A40001CF6C /* SelectRouter.swift */,
				C1D02CAD25AE89A40001CF6C /* SelectBuilder.swift */,
				C1D02CAE25AE89A40001CF6C /* SelectInteractor.swift */,
				C1D02CAC25AE89A40001CF6C /* SelectViewController.swift */,
				C1D02CAB25AE89A40001CF6C /* SelectViewController.storyboard */,
			);
			path = Select;
			sourceTree = "<group>";
		};
		C1D02CB725AE95B30001CF6C /* Models */ = {
			isa = PBXGroup;
			children = (
				C1D02CB925AE961F0001CF6C /* BiblePresentableState.swift */,
			);
			path = Models;
			sourceTree = "<group>";
		};
		C1D02CB825AE96000001CF6C /* Domain */ = {
			isa = PBXGroup;
			children = (
				C1D02CB725AE95B30001CF6C /* Models */,
			);
			path = Domain;
			sourceTree = "<group>";
		};
		C1D02CBE25AE96340001CF6C /* Platform */ = {
			isa = PBXGroup;
			children = (
				C1D02CBF25AE96420001CF6C /* Entities */,
				C1D02CC025AE96850001CF6C /* Data Source */,
			);
			path = Platform;
			sourceTree = "<group>";
		};
		C1D02CBF25AE96420001CF6C /* Entities */ = {
			isa = PBXGroup;
			children = (
				C1D02CCF25AEC1770001CF6C /* BibleChapter.swift */,
				C1DDA40625B295A400FCFDD3 /* Schedule.swift */,
				C16BD1E425C4808600C8139F /* VIP.swift */,
				C16BD20525C49DAE00C8139F /* Prayer.swift */,
			);
			path = Entities;
			sourceTree = "<group>";
		};
		C1D02CC025AE96850001CF6C /* Data Source */ = {
			isa = PBXGroup;
			children = (
				C1D02CC125AE96C70001CF6C /* Local */,
			);
			path = "Data Source";
			sourceTree = "<group>";
		};
		C1D02CC125AE96C70001CF6C /* Local */ = {
			isa = PBXGroup;
			children = (
				C1D02CC725AE97AF0001CF6C /* BibleManager.swift */,
				C1103ABE25BE60AA002AEABA /* SchedulesManager.swift */,
				C16BD19C25C4324300C8139F /* VIPManager.swift */,
				C16BD20A25C49DFF00C8139F /* PrayerManager.swift */,
			);
			path = Local;
			sourceTree = "<group>";
		};
		C1DDA3F225B1D70C00FCFDD3 /* SelectPlan */ = {
			isa = PBXGroup;
			children = (
				C1E7CB0125B595FA00E14AB7 /* Components */,
				C1DDA3F325B1D74500FCFDD3 /* SelectPlanRouter.swift */,
				C1DDA3F625B1D74500FCFDD3 /* SelectPlanBuilder.swift */,
				C1DDA3F725B1D74500FCFDD3 /* SelectPlanInteractor.swift */,
				C1DDA3F525B1D74500FCFDD3 /* SelectPlanViewController.swift */,
				C1DDA3F425B1D74500FCFDD3 /* SelectPlanViewController.storyboard */,
			);
			path = SelectPlan;
			sourceTree = "<group>";
		};
		C1E775F925CE3C7700C2FCB9 /* Components */ = {
			isa = PBXGroup;
			children = (
				C1E775FA25CE3CA100C2FCB9 /* PrayerCell.swift */,
				C1E775FB25CE3CA100C2FCB9 /* PrayerCell.xib */,
				C15DF0FF25E40DE700D447FC /* PrayerOptionView.swift */,
			);
			path = Components;
			sourceTree = "<group>";
		};
		C1E7CB0125B595FA00E14AB7 /* Components */ = {
			isa = PBXGroup;
			children = (
				C1E7CB0225B5961200E14AB7 /* PlanCell.swift */,
				C1E7CB0325B5961200E14AB7 /* PlanCell.xib */,
			);
			path = Components;
			sourceTree = "<group>";
		};
		C1FB96AF25BFAC9700D470A9 /* BibleFont */ = {
			isa = PBXGroup;
			children = (
				C1FB96B025BFACAE00D470A9 /* BibleFontRouter.swift */,
				C1FB96B325BFACAE00D470A9 /* BibleFontBuilder.swift */,
				C1FB96B425BFACAE00D470A9 /* BibleFontInteractor.swift */,
				C1FB96B225BFACAE00D470A9 /* BibleFontViewController.swift */,
				C1FB96B125BFACAE00D470A9 /* BibleFontViewController.storyboard */,
			);
			path = BibleFont;
			sourceTree = "<group>";
		};
/* End PBXGroup section */

/* Begin PBXNativeTarget section */
		C168CEF125AC85C9008C1AFE /* Arise&Shine */ = {
			isa = PBXNativeTarget;
			buildConfigurationList = C168CF1C25AC85CC008C1AFE /* Build configuration list for PBXNativeTarget "Arise&Shine" */;
			buildPhases = (
				C168CEEE25AC85C9008C1AFE /* Sources */,
				C168CEEF25AC85C9008C1AFE /* Frameworks */,
				C168CEF025AC85C9008C1AFE /* Resources */,
			);
			buildRules = (
			);
			dependencies = (
			);
			name = "Arise&Shine";
			packageProductDependencies = (
				C168CF2925AC8667008C1AFE /* RIBs */,
				C168CF2F25AC8722008C1AFE /* RxSwift */,
				C168CF3125AC8722008C1AFE /* RxCocoa */,
				C168CF3725AC8745008C1AFE /* ReactorKit */,
				C1D02C3925AC99ED0001CF6C /* SQLite */,
				C1D02C3F25ADBB810001CF6C /* RxAppState */,
				C1682BC625AFDACD00E8564A /* FSCalendar */,
				C1682BD725AFE4EC00E8564A /* SnapKit */,
				C12B917825B04A1300DD6FB1 /* Then */,
				C1FB96AA25BFAC4F00D470A9 /* PanModal */,
				C1BE03A725C0976800D028E7 /* Toaster */,
				C12069E125C32F6A00C8A7B7 /* Differentiator */,
				C12069E325C32F6A00C8A7B7 /* RxDataSources */,
				C11FF95B25CC574100E347D7 /* RxGesture */,
				C1E775F425CD705700C2FCB9 /* RxKeyboard */,
			);
			productName = "Arise&Shine";
			productReference = C168CEF225AC85C9008C1AFE /* Arise&Shine.app */;
			productType = "com.apple.product-type.application";
		};
		C168CF0725AC85CC008C1AFE /* Arise&ShineTests */ = {
			isa = PBXNativeTarget;
			buildConfigurationList = C168CF1F25AC85CC008C1AFE /* Build configuration list for PBXNativeTarget "Arise&ShineTests" */;
			buildPhases = (
				C168CF0425AC85CC008C1AFE /* Sources */,
				C168CF0525AC85CC008C1AFE /* Frameworks */,
				C168CF0625AC85CC008C1AFE /* Resources */,
			);
			buildRules = (
			);
			dependencies = (
				C168CF0A25AC85CC008C1AFE /* PBXTargetDependency */,
			);
			name = "Arise&ShineTests";
			productName = "Arise&ShineTests";
			productReference = C168CF0825AC85CC008C1AFE /* Arise&ShineTests.xctest */;
			productType = "com.apple.product-type.bundle.unit-test";
		};
		C168CF1225AC85CC008C1AFE /* Arise&ShineUITests */ = {
			isa = PBXNativeTarget;
			buildConfigurationList = C168CF2225AC85CC008C1AFE /* Build configuration list for PBXNativeTarget "Arise&ShineUITests" */;
			buildPhases = (
				C168CF0F25AC85CC008C1AFE /* Sources */,
				C168CF1025AC85CC008C1AFE /* Frameworks */,
				C168CF1125AC85CC008C1AFE /* Resources */,
			);
			buildRules = (
			);
			dependencies = (
				C168CF1525AC85CC008C1AFE /* PBXTargetDependency */,
			);
			name = "Arise&ShineUITests";
			productName = "Arise&ShineUITests";
			productReference = C168CF1325AC85CC008C1AFE /* Arise&ShineUITests.xctest */;
			productType = "com.apple.product-type.bundle.ui-testing";
		};
/* End PBXNativeTarget section */

/* Begin PBXProject section */
		C168CEEA25AC85C9008C1AFE /* Project object */ = {
			isa = PBXProject;
			attributes = {
				LastSwiftUpdateCheck = 1230;
				LastUpgradeCheck = 1230;
				TargetAttributes = {
					C168CEF125AC85C9008C1AFE = {
						CreatedOnToolsVersion = 12.3;
					};
					C168CF0725AC85CC008C1AFE = {
						CreatedOnToolsVersion = 12.3;
						TestTargetID = C168CEF125AC85C9008C1AFE;
					};
					C168CF1225AC85CC008C1AFE = {
						CreatedOnToolsVersion = 12.3;
						TestTargetID = C168CEF125AC85C9008C1AFE;
					};
				};
			};
			buildConfigurationList = C168CEED25AC85C9008C1AFE /* Build configuration list for PBXProject "Arise&Shine" */;
			compatibilityVersion = "Xcode 9.3";
			developmentRegion = en;
			hasScannedForEncodings = 0;
			knownRegions = (
				en,
				Base,
			);
			mainGroup = C168CEE925AC85C9008C1AFE;
			packageReferences = (
				C168CF2825AC8667008C1AFE /* XCRemoteSwiftPackageReference "RIBs" */,
				C168CF2E25AC8722008C1AFE /* XCRemoteSwiftPackageReference "RxSwift" */,
				C168CF3625AC8745008C1AFE /* XCRemoteSwiftPackageReference "ReactorKit" */,
				C1D02C3825AC99ED0001CF6C /* XCRemoteSwiftPackageReference "SQLite" */,
				C1D02C3E25ADBB810001CF6C /* XCRemoteSwiftPackageReference "RxAppState" */,
				C1682BC525AFDACD00E8564A /* XCRemoteSwiftPackageReference "FSCalendar" */,
				C1682BD625AFE4EC00E8564A /* XCRemoteSwiftPackageReference "SnapKit" */,
				C12B917725B04A1300DD6FB1 /* XCRemoteSwiftPackageReference "Then" */,
				C1FB96A925BFAC4F00D470A9 /* XCRemoteSwiftPackageReference "PanModal" */,
				C1BE03A625C0976800D028E7 /* XCRemoteSwiftPackageReference "Toaster" */,
				C12069E025C32F6900C8A7B7 /* XCRemoteSwiftPackageReference "RxDataSources" */,
				C11FF95A25CC574100E347D7 /* XCRemoteSwiftPackageReference "RxGesture" */,
				C1E775F325CD705700C2FCB9 /* XCRemoteSwiftPackageReference "RxKeyboard" */,
			);
			productRefGroup = C168CEF325AC85C9008C1AFE /* Products */;
			projectDirPath = "";
			projectRoot = "";
			targets = (
				C168CEF125AC85C9008C1AFE /* Arise&Shine */,
				C168CF0725AC85CC008C1AFE /* Arise&ShineTests */,
				C168CF1225AC85CC008C1AFE /* Arise&ShineUITests */,
			);
		};
/* End PBXProject section */

/* Begin PBXResourcesBuildPhase section */
		C168CEF025AC85C9008C1AFE /* Resources */ = {
			isa = PBXResourcesBuildPhase;
			buildActionMask = 2147483647;
			files = (
				C12B916525B0340800DD6FB1 /* SettingViewController.storyboard in Resources */,
				C16BD1F825C486CC00C8139F /* VIPDetailViewController.storyboard in Resources */,
				C168CF0225AC85CC008C1AFE /* LaunchScreen.storyboard in Resources */,
				C16BD22525C5170D00C8139F /* NewPrayerViewController.storyboard in Resources */,
				C1DDA3F925B1D74500FCFDD3 /* SelectPlanViewController.storyboard in Resources */,
				C1E7CB0525B5961200E14AB7 /* PlanCell.xib in Resources */,
				C12B917325B03DE400DD6FB1 /* BibleVerseCell.xib in Resources */,
				C1E775FD25CE3CA100C2FCB9 /* PrayerCell.xib in Resources */,
				C12069BF25C2E9D800C8A7B7 /* PrayerViewController.storyboard in Resources */,
				C168CEFF25AC85CC008C1AFE /* Assets.xcassets in Resources */,
				C1FB96B625BFACAF00D470A9 /* BibleFontViewController.storyboard in Resources */,
				C16BD1A525C440C200C8139F /* VIPCell.xib in Resources */,
				C101639725B0950F0079EB69 /* SelectingVerseViewController.xib in Resources */,
				C1D02C2B25AC939A0001CF6C /* BibleViewController.storyboard in Resources */,
				C1D02C7325AE05AF0001CF6C /* Kor.sqlite3 in Resources */,
				C16BD1BD25C4674B00C8139F /* NewVIPViewController.storyboard in Resources */,
				C1D02CB025AE89A40001CF6C /* SelectViewController.storyboard in Resources */,
			);
			runOnlyForDeploymentPostprocessing = 0;
		};
		C168CF0625AC85CC008C1AFE /* Resources */ = {
			isa = PBXResourcesBuildPhase;
			buildActionMask = 2147483647;
			files = (
			);
			runOnlyForDeploymentPostprocessing = 0;
		};
		C168CF1125AC85CC008C1AFE /* Resources */ = {
			isa = PBXResourcesBuildPhase;
			buildActionMask = 2147483647;
			files = (
			);
			runOnlyForDeploymentPostprocessing = 0;
		};
/* End PBXResourcesBuildPhase section */

/* Begin PBXSourcesBuildPhase section */
		C168CEEE25AC85C9008C1AFE /* Sources */ = {
			isa = PBXSourcesBuildPhase;
			buildActionMask = 2147483647;
			files = (
				C1FB96B925BFACAF00D470A9 /* BibleFontInteractor.swift in Sources */,
				C1D02C8D25AE74F20001CF6C /* NSObject + Ex.swift in Sources */,
				0BB3DCF22694A3C90099F773 /* MyPlanCell.swift in Sources */,
				C168CF4A25AC8834008C1AFE /* RootViewController.swift in Sources */,
				C12069BE25C2E9D800C8A7B7 /* PrayerRouter.swift in Sources */,
				C101639325B0950F0079EB69 /* SelectingVerseRouter.swift in Sources */,
				0B31CC51269817FF002DD687 /* PlanDetailViewController.swift in Sources */,
				C1D02C1125AC89E20001CF6C /* AppComponent.swift in Sources */,
				C1D02C3425AC94EC0001CF6C /* UINavigation + Ex.swift in Sources */,
				C1D02CA525AE83120001CF6C /* BaseViewController.swift in Sources */,
				C168CF4925AC8834008C1AFE /* RootRouter.swift in Sources */,
				C101639625B0950F0079EB69 /* SelectingVerseInteractor.swift in Sources */,
				C16BD1B225C4568D00C8139F /* VIPHeader.swift in Sources */,
				C16BD1BE25C4674B00C8139F /* NewVIPViewController.swift in Sources */,
				C12B916825B0340800DD6FB1 /* SettingInteractor.swift in Sources */,
				C16BD1FB25C486CC00C8139F /* VIPDetailInteractor.swift in Sources */,
				C16BD1F725C486CC00C8139F /* VIPDetailRouter.swift in Sources */,
				C16BD22825C5170D00C8139F /* NewPrayerInteractor.swift in Sources */,
				C1D02C2D25AC939A0001CF6C /* BibleBuilder.swift in Sources */,
				0B31CC48269802D4002DD687 /* CircleView.swift in Sources */,
				C16BD19D25C4324300C8139F /* VIPManager.swift in Sources */,
				C12B916425B0340800DD6FB1 /* SettingRouter.swift in Sources */,
				C1BE039925C07F4600D028E7 /* UserDefaults + Ex.swift in Sources */,
				C101639525B0950F0079EB69 /* SelectingVerseBuilder.swift in Sources */,
				0B31CC5526981874002DD687 /* PlanDetailViewController + UI.swift in Sources */,
				C1E775FC25CE3CA100C2FCB9 /* PrayerCell.swift in Sources */,
				C12069C225C2E9D800C8A7B7 /* PrayerInteractor.swift in Sources */,
				C1A3331F25E0360B007D0807 /* UILabel + Ex.swift in Sources */,
				0B31CC52269817FF002DD687 /* PlanDetailBuilder.swift in Sources */,
				C101639425B0950F0079EB69 /* SelectingVerseViewController.swift in Sources */,
				C16BD1F925C486CC00C8139F /* VIPDetailViewController.swift in Sources */,
				C1D02C8825AE74BF0001CF6C /* UIViewController + Ex.swift in Sources */,
				C1DDA3FC25B1D74500FCFDD3 /* SelectPlanInteractor.swift in Sources */,
				C1103ABF25BE60AA002AEABA /* SchedulesManager.swift in Sources */,
				C12069C025C2E9D800C8A7B7 /* PrayerViewController.swift in Sources */,
				C1FB96B525BFACAE00D470A9 /* BibleFontRouter.swift in Sources */,
				C1D02C2A25AC939A0001CF6C /* BibleRouter.swift in Sources */,
				0B31CC53269817FF002DD687 /* PlanDetailInteractor.swift in Sources */,
				C168CF4C25AC8834008C1AFE /* RootInteractor.swift in Sources */,
				C1D02CB125AE89A40001CF6C /* SelectViewController.swift in Sources */,
				C1D02CAF25AE89A40001CF6C /* SelectRouter.swift in Sources */,
				C12B916625B0340800DD6FB1 /* SettingViewController.swift in Sources */,
				0BB3DCEE26948F260099F773 /* PlanListCell.swift in Sources */,
				C1D02C1D25AC8DAA0001CF6C /* MainTabBarInteractor.swift in Sources */,
				C1D02CC825AE97AF0001CF6C /* BibleManager.swift in Sources */,
				C1D02CB225AE89A40001CF6C /* SelectBuilder.swift in Sources */,
				C16BD22425C5170D00C8139F /* NewPrayerRouter.swift in Sources */,
				C16BD1E525C4808600C8139F /* VIP.swift in Sources */,
				C1D02C1B25AC8DAA0001CF6C /* MainTabBarViewController.swift in Sources */,
				C16BD1BC25C4674B00C8139F /* NewVIPRouter.swift in Sources */,
				0B31CC422697D041002DD687 /* PlanDateCell.swift in Sources */,
				C1FB96B825BFACAF00D470A9 /* BibleFontBuilder.swift in Sources */,
				0B33093A262539690063BD46 /* PlanViewController.swift in Sources */,
				C1DDA3F825B1D74500FCFDD3 /* SelectPlanRouter.swift in Sources */,
				0B33093C262539690063BD46 /* PlanInteractor.swift in Sources */,
				C12069C125C2E9D800C8A7B7 /* PrayerBuilder.swift in Sources */,
				C12B916725B0340800DD6FB1 /* SettingBuilder.swift in Sources */,
				C16BD20625C49DAE00C8139F /* Prayer.swift in Sources */,
				C16BD22725C5170D00C8139F /* NewPrayerBuilder.swift in Sources */,
				C16BD1C025C4674B00C8139F /* NewVIPInteractor.swift in Sources */,
				C15CF17125E5309D00C3AC6E /* Array + Ex.swift in Sources */,
				C16BD22625C5170D00C8139F /* NewPrayerViewController.swift in Sources */,
				C16BD1BF25C4674B00C8139F /* NewVIPBuilder.swift in Sources */,
				C1D02CD025AEC1770001CF6C /* BibleChapter.swift in Sources */,
				C1E7CB0425B5961200E14AB7 /* PlanCell.swift in Sources */,
				C1DDA3FA25B1D74500FCFDD3 /* SelectPlanViewController.swift in Sources */,
				C1FB96B725BFACAF00D470A9 /* BibleFontViewController.swift in Sources */,
				C1D02C2E25AC939A0001CF6C /* BibleInteractor.swift in Sources */,
				0B31CC50269817FF002DD687 /* PlanDetailRouter.swift in Sources */,
				0B330938262539690063BD46 /* PlanRouter.swift in Sources */,
				C1D02C1C25AC8DAA0001CF6C /* MainTabBarBuilder.swift in Sources */,
				C1D02C1A25AC8DAA0001CF6C /* MainTabBarRouter.swift in Sources */,
				C1D02CBA25AE961F0001CF6C /* BiblePresentableState.swift in Sources */,
				C1DDA40725B295A400FCFDD3 /* Schedule.swift in Sources */,
				C15DF10025E40DE700D447FC /* PrayerOptionView.swift in Sources */,
				0B31CC4A26981304002DD687 /* CALayer + Ex.swift in Sources */,
				C168CEF625AC85C9008C1AFE /* AppDelegate.swift in Sources */,
				0B31CC582698496B002DD687 /* PlanPresetCell.swift in Sources */,
				0BB3DCF42694C3970099F773 /* PlanViewController+UI.swift in Sources */,
				C12B917225B03DE400DD6FB1 /* BibleVerseCell.swift in Sources */,
				C168CEF825AC85C9008C1AFE /* SceneDelegate.swift in Sources */,
				0B33093B262539690063BD46 /* PlanBuilder.swift in Sources */,
				C1DDA3FB25B1D74500FCFDD3 /* SelectPlanBuilder.swift in Sources */,
				C168CF4B25AC8834008C1AFE /* RootBuilder.swift in Sources */,
				C1D02C2C25AC939A0001CF6C /* BibleViewController.swift in Sources */,
				C1D02CB325AE89A40001CF6C /* SelectInteractor.swift in Sources */,
				0BB3DCF026948F360099F773 /* InProgressReadingCell.swift in Sources */,
				C1682BB025AF368C00E8564A /* ChildViewControllable.swift in Sources */,
				C16BD1A425C440C200C8139F /* VIPCell.swift in Sources */,
				C16BD20B25C49DFF00C8139F /* PrayerManager.swift in Sources */,
				C1103ABA25BDA111002AEABA /* UITabBarController + Ex.swift in Sources */,
				C16BD1ED25C480EC00C8139F /* VIPSection.swift in Sources */,
				C16BD1FA25C486CC00C8139F /* VIPDetailBuilder.swift in Sources */,
			);
			runOnlyForDeploymentPostprocessing = 0;
		};
		C168CF0425AC85CC008C1AFE /* Sources */ = {
			isa = PBXSourcesBuildPhase;
			buildActionMask = 2147483647;
			files = (
				C168CF0D25AC85CC008C1AFE /* Arise_ShineTests.swift in Sources */,
			);
			runOnlyForDeploymentPostprocessing = 0;
		};
		C168CF0F25AC85CC008C1AFE /* Sources */ = {
			isa = PBXSourcesBuildPhase;
			buildActionMask = 2147483647;
			files = (
				C168CF1825AC85CC008C1AFE /* Arise_ShineUITests.swift in Sources */,
			);
			runOnlyForDeploymentPostprocessing = 0;
		};
/* End PBXSourcesBuildPhase section */

/* Begin PBXTargetDependency section */
		C168CF0A25AC85CC008C1AFE /* PBXTargetDependency */ = {
			isa = PBXTargetDependency;
			target = C168CEF125AC85C9008C1AFE /* Arise&Shine */;
			targetProxy = C168CF0925AC85CC008C1AFE /* PBXContainerItemProxy */;
		};
		C168CF1525AC85CC008C1AFE /* PBXTargetDependency */ = {
			isa = PBXTargetDependency;
			target = C168CEF125AC85C9008C1AFE /* Arise&Shine */;
			targetProxy = C168CF1425AC85CC008C1AFE /* PBXContainerItemProxy */;
		};
/* End PBXTargetDependency section */

/* Begin PBXVariantGroup section */
		C168CF0025AC85CC008C1AFE /* LaunchScreen.storyboard */ = {
			isa = PBXVariantGroup;
			children = (
				C168CF0125AC85CC008C1AFE /* Base */,
			);
			name = LaunchScreen.storyboard;
			sourceTree = "<group>";
		};
/* End PBXVariantGroup section */

/* Begin XCBuildConfiguration section */
		C168CF1A25AC85CC008C1AFE /* Debug */ = {
			isa = XCBuildConfiguration;
			buildSettings = {
				ALWAYS_SEARCH_USER_PATHS = NO;
				CLANG_ANALYZER_NONNULL = YES;
				CLANG_ANALYZER_NUMBER_OBJECT_CONVERSION = YES_AGGRESSIVE;
				CLANG_CXX_LANGUAGE_STANDARD = "gnu++14";
				CLANG_CXX_LIBRARY = "libc++";
				CLANG_ENABLE_MODULES = YES;
				CLANG_ENABLE_OBJC_ARC = YES;
				CLANG_ENABLE_OBJC_WEAK = YES;
				CLANG_WARN_BLOCK_CAPTURE_AUTORELEASING = YES;
				CLANG_WARN_BOOL_CONVERSION = YES;
				CLANG_WARN_COMMA = YES;
				CLANG_WARN_CONSTANT_CONVERSION = YES;
				CLANG_WARN_DEPRECATED_OBJC_IMPLEMENTATIONS = YES;
				CLANG_WARN_DIRECT_OBJC_ISA_USAGE = YES_ERROR;
				CLANG_WARN_DOCUMENTATION_COMMENTS = YES;
				CLANG_WARN_EMPTY_BODY = YES;
				CLANG_WARN_ENUM_CONVERSION = YES;
				CLANG_WARN_INFINITE_RECURSION = YES;
				CLANG_WARN_INT_CONVERSION = YES;
				CLANG_WARN_NON_LITERAL_NULL_CONVERSION = YES;
				CLANG_WARN_OBJC_IMPLICIT_RETAIN_SELF = YES;
				CLANG_WARN_OBJC_LITERAL_CONVERSION = YES;
				CLANG_WARN_OBJC_ROOT_CLASS = YES_ERROR;
				CLANG_WARN_QUOTED_INCLUDE_IN_FRAMEWORK_HEADER = YES;
				CLANG_WARN_RANGE_LOOP_ANALYSIS = YES;
				CLANG_WARN_STRICT_PROTOTYPES = YES;
				CLANG_WARN_SUSPICIOUS_MOVE = YES;
				CLANG_WARN_UNGUARDED_AVAILABILITY = YES_AGGRESSIVE;
				CLANG_WARN_UNREACHABLE_CODE = YES;
				CLANG_WARN__DUPLICATE_METHOD_MATCH = YES;
				COPY_PHASE_STRIP = NO;
				DEBUG_INFORMATION_FORMAT = dwarf;
				ENABLE_STRICT_OBJC_MSGSEND = YES;
				ENABLE_TESTABILITY = YES;
				GCC_C_LANGUAGE_STANDARD = gnu11;
				GCC_DYNAMIC_NO_PIC = NO;
				GCC_NO_COMMON_BLOCKS = YES;
				GCC_OPTIMIZATION_LEVEL = 0;
				GCC_PREPROCESSOR_DEFINITIONS = (
					"DEBUG=1",
					"$(inherited)",
				);
				GCC_WARN_64_TO_32_BIT_CONVERSION = YES;
				GCC_WARN_ABOUT_RETURN_TYPE = YES_ERROR;
				GCC_WARN_UNDECLARED_SELECTOR = YES;
				GCC_WARN_UNINITIALIZED_AUTOS = YES_AGGRESSIVE;
				GCC_WARN_UNUSED_FUNCTION = YES;
				GCC_WARN_UNUSED_VARIABLE = YES;
				IPHONEOS_DEPLOYMENT_TARGET = 14.0;
				MTL_ENABLE_DEBUG_INFO = INCLUDE_SOURCE;
				MTL_FAST_MATH = YES;
				ONLY_ACTIVE_ARCH = YES;
				SDKROOT = iphoneos;
				SWIFT_ACTIVE_COMPILATION_CONDITIONS = DEBUG;
				SWIFT_OPTIMIZATION_LEVEL = "-Onone";
			};
			name = Debug;
		};
		C168CF1B25AC85CC008C1AFE /* Release */ = {
			isa = XCBuildConfiguration;
			buildSettings = {
				ALWAYS_SEARCH_USER_PATHS = NO;
				CLANG_ANALYZER_NONNULL = YES;
				CLANG_ANALYZER_NUMBER_OBJECT_CONVERSION = YES_AGGRESSIVE;
				CLANG_CXX_LANGUAGE_STANDARD = "gnu++14";
				CLANG_CXX_LIBRARY = "libc++";
				CLANG_ENABLE_MODULES = YES;
				CLANG_ENABLE_OBJC_ARC = YES;
				CLANG_ENABLE_OBJC_WEAK = YES;
				CLANG_WARN_BLOCK_CAPTURE_AUTORELEASING = YES;
				CLANG_WARN_BOOL_CONVERSION = YES;
				CLANG_WARN_COMMA = YES;
				CLANG_WARN_CONSTANT_CONVERSION = YES;
				CLANG_WARN_DEPRECATED_OBJC_IMPLEMENTATIONS = YES;
				CLANG_WARN_DIRECT_OBJC_ISA_USAGE = YES_ERROR;
				CLANG_WARN_DOCUMENTATION_COMMENTS = YES;
				CLANG_WARN_EMPTY_BODY = YES;
				CLANG_WARN_ENUM_CONVERSION = YES;
				CLANG_WARN_INFINITE_RECURSION = YES;
				CLANG_WARN_INT_CONVERSION = YES;
				CLANG_WARN_NON_LITERAL_NULL_CONVERSION = YES;
				CLANG_WARN_OBJC_IMPLICIT_RETAIN_SELF = YES;
				CLANG_WARN_OBJC_LITERAL_CONVERSION = YES;
				CLANG_WARN_OBJC_ROOT_CLASS = YES_ERROR;
				CLANG_WARN_QUOTED_INCLUDE_IN_FRAMEWORK_HEADER = YES;
				CLANG_WARN_RANGE_LOOP_ANALYSIS = YES;
				CLANG_WARN_STRICT_PROTOTYPES = YES;
				CLANG_WARN_SUSPICIOUS_MOVE = YES;
				CLANG_WARN_UNGUARDED_AVAILABILITY = YES_AGGRESSIVE;
				CLANG_WARN_UNREACHABLE_CODE = YES;
				CLANG_WARN__DUPLICATE_METHOD_MATCH = YES;
				COPY_PHASE_STRIP = NO;
				DEBUG_INFORMATION_FORMAT = "dwarf-with-dsym";
				ENABLE_NS_ASSERTIONS = NO;
				ENABLE_STRICT_OBJC_MSGSEND = YES;
				GCC_C_LANGUAGE_STANDARD = gnu11;
				GCC_NO_COMMON_BLOCKS = YES;
				GCC_WARN_64_TO_32_BIT_CONVERSION = YES;
				GCC_WARN_ABOUT_RETURN_TYPE = YES_ERROR;
				GCC_WARN_UNDECLARED_SELECTOR = YES;
				GCC_WARN_UNINITIALIZED_AUTOS = YES_AGGRESSIVE;
				GCC_WARN_UNUSED_FUNCTION = YES;
				GCC_WARN_UNUSED_VARIABLE = YES;
				IPHONEOS_DEPLOYMENT_TARGET = 14.0;
				MTL_ENABLE_DEBUG_INFO = NO;
				MTL_FAST_MATH = YES;
				SDKROOT = iphoneos;
				SWIFT_COMPILATION_MODE = wholemodule;
				SWIFT_OPTIMIZATION_LEVEL = "-O";
				VALIDATE_PRODUCT = YES;
			};
			name = Release;
		};
		C168CF1D25AC85CC008C1AFE /* Debug */ = {
			isa = XCBuildConfiguration;
			buildSettings = {
				ASSETCATALOG_COMPILER_APPICON_NAME = AppIcon;
				ASSETCATALOG_COMPILER_GLOBAL_ACCENT_COLOR_NAME = AccentColor;
				CODE_SIGN_IDENTITY = "Apple Development";
				CODE_SIGN_STYLE = Automatic;
				CURRENT_PROJECT_VERSION = 8;
				DEVELOPMENT_TEAM = YJQB4DVQ35;
				INFOPLIST_FILE = "Arise&Shine/Resource/Supporting Files/Info.plist";
				IPHONEOS_DEPLOYMENT_TARGET = 13.0;
				LD_RUNPATH_SEARCH_PATHS = (
					"$(inherited)",
					"@executable_path/Frameworks",
				);
				MARKETING_VERSION = 0.2.0;
				PRODUCT_BUNDLE_IDENTIFIER = "org.YDFC.Arise-Shine";
				PRODUCT_NAME = "$(TARGET_NAME)";
				PROVISIONING_PROFILE_SPECIFIER = "";
				SWIFT_VERSION = 5.0;
				TARGETED_DEVICE_FAMILY = 1;
				VERSIONING_SYSTEM = "apple-generic";
			};
			name = Debug;
		};
		C168CF1E25AC85CC008C1AFE /* Release */ = {
			isa = XCBuildConfiguration;
			buildSettings = {
				ASSETCATALOG_COMPILER_APPICON_NAME = AppIcon;
				ASSETCATALOG_COMPILER_GLOBAL_ACCENT_COLOR_NAME = AccentColor;
				CODE_SIGN_IDENTITY = "Apple Development";
				CODE_SIGN_STYLE = Automatic;
				CURRENT_PROJECT_VERSION = 8;
				DEVELOPMENT_TEAM = YJQB4DVQ35;
				INFOPLIST_FILE = "Arise&Shine/Resource/Supporting Files/Info.plist";
				IPHONEOS_DEPLOYMENT_TARGET = 13.0;
				LD_RUNPATH_SEARCH_PATHS = (
					"$(inherited)",
					"@executable_path/Frameworks",
				);
				MARKETING_VERSION = 0.2.0;
				PRODUCT_BUNDLE_IDENTIFIER = "org.YDFC.Arise-Shine";
				PRODUCT_NAME = "$(TARGET_NAME)";
				PROVISIONING_PROFILE_SPECIFIER = "";
				SWIFT_VERSION = 5.0;
				TARGETED_DEVICE_FAMILY = 1;
				VERSIONING_SYSTEM = "apple-generic";
			};
			name = Release;
		};
		C168CF2025AC85CC008C1AFE /* Debug */ = {
			isa = XCBuildConfiguration;
			buildSettings = {
				ALWAYS_EMBED_SWIFT_STANDARD_LIBRARIES = YES;
				BUNDLE_LOADER = "$(TEST_HOST)";
				CODE_SIGN_STYLE = Automatic;
				DEVELOPMENT_TEAM = YJQB4DVQ35;
				INFOPLIST_FILE = "Arise&ShineTests/Info.plist";
				IPHONEOS_DEPLOYMENT_TARGET = 14.3;
				LD_RUNPATH_SEARCH_PATHS = (
					"$(inherited)",
					"@executable_path/Frameworks",
					"@loader_path/Frameworks",
				);
				PRODUCT_BUNDLE_IDENTIFIER = "com.wannagohome.Arise-ShineTests";
				PRODUCT_NAME = "$(TARGET_NAME)";
				SWIFT_VERSION = 5.0;
				TARGETED_DEVICE_FAMILY = "1,2";
				TEST_HOST = "$(BUILT_PRODUCTS_DIR)/Arise&Shine.app/Arise&Shine";
			};
			name = Debug;
		};
		C168CF2125AC85CC008C1AFE /* Release */ = {
			isa = XCBuildConfiguration;
			buildSettings = {
				ALWAYS_EMBED_SWIFT_STANDARD_LIBRARIES = YES;
				BUNDLE_LOADER = "$(TEST_HOST)";
				CODE_SIGN_STYLE = Automatic;
				DEVELOPMENT_TEAM = YJQB4DVQ35;
				INFOPLIST_FILE = "Arise&ShineTests/Info.plist";
				IPHONEOS_DEPLOYMENT_TARGET = 14.3;
				LD_RUNPATH_SEARCH_PATHS = (
					"$(inherited)",
					"@executable_path/Frameworks",
					"@loader_path/Frameworks",
				);
				PRODUCT_BUNDLE_IDENTIFIER = "com.wannagohome.Arise-ShineTests";
				PRODUCT_NAME = "$(TARGET_NAME)";
				SWIFT_VERSION = 5.0;
				TARGETED_DEVICE_FAMILY = "1,2";
				TEST_HOST = "$(BUILT_PRODUCTS_DIR)/Arise&Shine.app/Arise&Shine";
			};
			name = Release;
		};
		C168CF2325AC85CC008C1AFE /* Debug */ = {
			isa = XCBuildConfiguration;
			buildSettings = {
				ALWAYS_EMBED_SWIFT_STANDARD_LIBRARIES = YES;
				CODE_SIGN_STYLE = Automatic;
				DEVELOPMENT_TEAM = YJQB4DVQ35;
				INFOPLIST_FILE = "Arise&ShineUITests/Info.plist";
				LD_RUNPATH_SEARCH_PATHS = (
					"$(inherited)",
					"@executable_path/Frameworks",
					"@loader_path/Frameworks",
				);
				PRODUCT_BUNDLE_IDENTIFIER = "com.wannagohome.Arise-ShineUITests";
				PRODUCT_NAME = "$(TARGET_NAME)";
				SWIFT_VERSION = 5.0;
				TARGETED_DEVICE_FAMILY = "1,2";
				TEST_TARGET_NAME = "Arise&Shine";
			};
			name = Debug;
		};
		C168CF2425AC85CC008C1AFE /* Release */ = {
			isa = XCBuildConfiguration;
			buildSettings = {
				ALWAYS_EMBED_SWIFT_STANDARD_LIBRARIES = YES;
				CODE_SIGN_STYLE = Automatic;
				DEVELOPMENT_TEAM = YJQB4DVQ35;
				INFOPLIST_FILE = "Arise&ShineUITests/Info.plist";
				LD_RUNPATH_SEARCH_PATHS = (
					"$(inherited)",
					"@executable_path/Frameworks",
					"@loader_path/Frameworks",
				);
				PRODUCT_BUNDLE_IDENTIFIER = "com.wannagohome.Arise-ShineUITests";
				PRODUCT_NAME = "$(TARGET_NAME)";
				SWIFT_VERSION = 5.0;
				TARGETED_DEVICE_FAMILY = "1,2";
				TEST_TARGET_NAME = "Arise&Shine";
			};
			name = Release;
		};
/* End XCBuildConfiguration section */

/* Begin XCConfigurationList section */
		C168CEED25AC85C9008C1AFE /* Build configuration list for PBXProject "Arise&Shine" */ = {
			isa = XCConfigurationList;
			buildConfigurations = (
				C168CF1A25AC85CC008C1AFE /* Debug */,
				C168CF1B25AC85CC008C1AFE /* Release */,
			);
			defaultConfigurationIsVisible = 0;
			defaultConfigurationName = Release;
		};
		C168CF1C25AC85CC008C1AFE /* Build configuration list for PBXNativeTarget "Arise&Shine" */ = {
			isa = XCConfigurationList;
			buildConfigurations = (
				C168CF1D25AC85CC008C1AFE /* Debug */,
				C168CF1E25AC85CC008C1AFE /* Release */,
			);
			defaultConfigurationIsVisible = 0;
			defaultConfigurationName = Release;
		};
		C168CF1F25AC85CC008C1AFE /* Build configuration list for PBXNativeTarget "Arise&ShineTests" */ = {
			isa = XCConfigurationList;
			buildConfigurations = (
				C168CF2025AC85CC008C1AFE /* Debug */,
				C168CF2125AC85CC008C1AFE /* Release */,
			);
			defaultConfigurationIsVisible = 0;
			defaultConfigurationName = Release;
		};
		C168CF2225AC85CC008C1AFE /* Build configuration list for PBXNativeTarget "Arise&ShineUITests" */ = {
			isa = XCConfigurationList;
			buildConfigurations = (
				C168CF2325AC85CC008C1AFE /* Debug */,
				C168CF2425AC85CC008C1AFE /* Release */,
			);
			defaultConfigurationIsVisible = 0;
			defaultConfigurationName = Release;
		};
/* End XCConfigurationList section */

/* Begin XCRemoteSwiftPackageReference section */
		C11FF95A25CC574100E347D7 /* XCRemoteSwiftPackageReference "RxGesture" */ = {
			isa = XCRemoteSwiftPackageReference;
			repositoryURL = "https://github.com/RxSwiftCommunity/RxGesture";
			requirement = {
				kind = upToNextMajorVersion;
				minimumVersion = 4.0.2;
			};
		};
		C12069E025C32F6900C8A7B7 /* XCRemoteSwiftPackageReference "RxDataSources" */ = {
			isa = XCRemoteSwiftPackageReference;
			repositoryURL = "https://github.com/RxSwiftCommunity/RxDataSources";
			requirement = {
				kind = upToNextMajorVersion;
				minimumVersion = 5.0.1;
			};
		};
		C12B917725B04A1300DD6FB1 /* XCRemoteSwiftPackageReference "Then" */ = {
			isa = XCRemoteSwiftPackageReference;
			repositoryURL = "https://github.com/devxoul/Then";
			requirement = {
				kind = upToNextMajorVersion;
				minimumVersion = 2.7.0;
			};
		};
		C1682BC525AFDACD00E8564A /* XCRemoteSwiftPackageReference "FSCalendar" */ = {
			isa = XCRemoteSwiftPackageReference;
			repositoryURL = "https://github.com/WenchaoD/FSCalendar";
			requirement = {
				kind = upToNextMajorVersion;
				minimumVersion = 2.8.2;
			};
		};
		C1682BD625AFE4EC00E8564A /* XCRemoteSwiftPackageReference "SnapKit" */ = {
			isa = XCRemoteSwiftPackageReference;
			repositoryURL = "https://github.com/SnapKit/SnapKit";
			requirement = {
				kind = upToNextMajorVersion;
				minimumVersion = 5.0.1;
			};
		};
		C168CF2825AC8667008C1AFE /* XCRemoteSwiftPackageReference "RIBs" */ = {
			isa = XCRemoteSwiftPackageReference;
			repositoryURL = "https://github.com/uber/RIBs";
			requirement = {
				branch = master;
				kind = branch;
			};
		};
		C168CF2E25AC8722008C1AFE /* XCRemoteSwiftPackageReference "RxSwift" */ = {
			isa = XCRemoteSwiftPackageReference;
			repositoryURL = "https://github.com/ReactiveX/RxSwift";
			requirement = {
				kind = upToNextMajorVersion;
				minimumVersion = 6.0.0;
			};
		};
		C168CF3625AC8745008C1AFE /* XCRemoteSwiftPackageReference "ReactorKit" */ = {
			isa = XCRemoteSwiftPackageReference;
			repositoryURL = "https://github.com/ReactorKit/ReactorKit";
			requirement = {
				kind = upToNextMajorVersion;
				minimumVersion = 3.0.0;
			};
		};
		C1BE03A625C0976800D028E7 /* XCRemoteSwiftPackageReference "Toaster" */ = {
			isa = XCRemoteSwiftPackageReference;
			repositoryURL = "https://github.com/wannagohome/Toaster";
			requirement = {
				kind = upToNextMajorVersion;
				minimumVersion = 2.3.1;
			};
		};
		C1D02C3825AC99ED0001CF6C /* XCRemoteSwiftPackageReference "SQLite" */ = {
			isa = XCRemoteSwiftPackageReference;
			repositoryURL = "https://github.com/stephencelis/SQLite.swift";
			requirement = {
				kind = upToNextMajorVersion;
				minimumVersion = 0.12.2;
			};
		};
		C1D02C3E25ADBB810001CF6C /* XCRemoteSwiftPackageReference "RxAppState" */ = {
			isa = XCRemoteSwiftPackageReference;
			repositoryURL = "https://github.com/pixeldock/RxAppState";
			requirement = {
				kind = upToNextMajorVersion;
				minimumVersion = 1.6.1;
			};
		};
		C1E775F325CD705700C2FCB9 /* XCRemoteSwiftPackageReference "RxKeyboard" */ = {
			isa = XCRemoteSwiftPackageReference;
			repositoryURL = "https://github.com/RxSwiftCommunity/RxKeyboard";
			requirement = {
				kind = upToNextMajorVersion;
				minimumVersion = 2.0.0;
			};
		};
		C1FB96A925BFAC4F00D470A9 /* XCRemoteSwiftPackageReference "PanModal" */ = {
			isa = XCRemoteSwiftPackageReference;
			repositoryURL = "https://github.com/slackhq/PanModal";
			requirement = {
				kind = upToNextMajorVersion;
				minimumVersion = 1.2.7;
			};
		};
/* End XCRemoteSwiftPackageReference section */

/* Begin XCSwiftPackageProductDependency section */
		C11FF95B25CC574100E347D7 /* RxGesture */ = {
			isa = XCSwiftPackageProductDependency;
			package = C11FF95A25CC574100E347D7 /* XCRemoteSwiftPackageReference "RxGesture" */;
			productName = RxGesture;
		};
		C12069E125C32F6A00C8A7B7 /* Differentiator */ = {
			isa = XCSwiftPackageProductDependency;
			package = C12069E025C32F6900C8A7B7 /* XCRemoteSwiftPackageReference "RxDataSources" */;
			productName = Differentiator;
		};
		C12069E325C32F6A00C8A7B7 /* RxDataSources */ = {
			isa = XCSwiftPackageProductDependency;
			package = C12069E025C32F6900C8A7B7 /* XCRemoteSwiftPackageReference "RxDataSources" */;
			productName = RxDataSources;
		};
		C12B917825B04A1300DD6FB1 /* Then */ = {
			isa = XCSwiftPackageProductDependency;
			package = C12B917725B04A1300DD6FB1 /* XCRemoteSwiftPackageReference "Then" */;
			productName = Then;
		};
		C1682BC625AFDACD00E8564A /* FSCalendar */ = {
			isa = XCSwiftPackageProductDependency;
			package = C1682BC525AFDACD00E8564A /* XCRemoteSwiftPackageReference "FSCalendar" */;
			productName = FSCalendar;
		};
		C1682BD725AFE4EC00E8564A /* SnapKit */ = {
			isa = XCSwiftPackageProductDependency;
			package = C1682BD625AFE4EC00E8564A /* XCRemoteSwiftPackageReference "SnapKit" */;
			productName = SnapKit;
		};
		C168CF2925AC8667008C1AFE /* RIBs */ = {
			isa = XCSwiftPackageProductDependency;
			package = C168CF2825AC8667008C1AFE /* XCRemoteSwiftPackageReference "RIBs" */;
			productName = RIBs;
		};
		C168CF2F25AC8722008C1AFE /* RxSwift */ = {
			isa = XCSwiftPackageProductDependency;
			package = C168CF2E25AC8722008C1AFE /* XCRemoteSwiftPackageReference "RxSwift" */;
			productName = RxSwift;
		};
		C168CF3125AC8722008C1AFE /* RxCocoa */ = {
			isa = XCSwiftPackageProductDependency;
			package = C168CF2E25AC8722008C1AFE /* XCRemoteSwiftPackageReference "RxSwift" */;
			productName = RxCocoa;
		};
		C168CF3725AC8745008C1AFE /* ReactorKit */ = {
			isa = XCSwiftPackageProductDependency;
			package = C168CF3625AC8745008C1AFE /* XCRemoteSwiftPackageReference "ReactorKit" */;
			productName = ReactorKit;
		};
		C1BE03A725C0976800D028E7 /* Toaster */ = {
			isa = XCSwiftPackageProductDependency;
			package = C1BE03A625C0976800D028E7 /* XCRemoteSwiftPackageReference "Toaster" */;
			productName = Toaster;
		};
		C1D02C3925AC99ED0001CF6C /* SQLite */ = {
			isa = XCSwiftPackageProductDependency;
			package = C1D02C3825AC99ED0001CF6C /* XCRemoteSwiftPackageReference "SQLite" */;
			productName = SQLite;
		};
		C1D02C3F25ADBB810001CF6C /* RxAppState */ = {
			isa = XCSwiftPackageProductDependency;
			package = C1D02C3E25ADBB810001CF6C /* XCRemoteSwiftPackageReference "RxAppState" */;
			productName = RxAppState;
		};
		C1E775F425CD705700C2FCB9 /* RxKeyboard */ = {
			isa = XCSwiftPackageProductDependency;
			package = C1E775F325CD705700C2FCB9 /* XCRemoteSwiftPackageReference "RxKeyboard" */;
			productName = RxKeyboard;
		};
		C1FB96AA25BFAC4F00D470A9 /* PanModal */ = {
			isa = XCSwiftPackageProductDependency;
			package = C1FB96A925BFAC4F00D470A9 /* XCRemoteSwiftPackageReference "PanModal" */;
			productName = PanModal;
		};
/* End XCSwiftPackageProductDependency section */
	};
	rootObject = C168CEEA25AC85C9008C1AFE /* Project object */;
}
