// !$*UTF8*$!
{
	archiveVersion = 1;
	classes = {
	};
	objectVersion = 50;
	objects = {

/* Begin PBXBuildFile section */
		C168CEF625AC85C9008C1AFE /* AppDelegate.swift in Sources */ = {isa = PBXBuildFile; fileRef = C168CEF525AC85C9008C1AFE /* AppDelegate.swift */; };
		C168CEF825AC85C9008C1AFE /* SceneDelegate.swift in Sources */ = {isa = PBXBuildFile; fileRef = C168CEF725AC85C9008C1AFE /* SceneDelegate.swift */; };
		C168CEFA25AC85C9008C1AFE /* ViewController.swift in Sources */ = {isa = PBXBuildFile; fileRef = C168CEF925AC85C9008C1AFE /* ViewController.swift */; };
		C168CEFD25AC85C9008C1AFE /* Main.storyboard in Resources */ = {isa = PBXBuildFile; fileRef = C168CEFB25AC85C9008C1AFE /* Main.storyboard */; };
		C168CEFF25AC85CC008C1AFE /* Assets.xcassets in Resources */ = {isa = PBXBuildFile; fileRef = C168CEFE25AC85CC008C1AFE /* Assets.xcassets */; };
		C168CF0225AC85CC008C1AFE /* LaunchScreen.storyboard in Resources */ = {isa = PBXBuildFile; fileRef = C168CF0025AC85CC008C1AFE /* LaunchScreen.storyboard */; };
		C168CF0D25AC85CC008C1AFE /* Arise_ShineTests.swift in Sources */ = {isa = PBXBuildFile; fileRef = C168CF0C25AC85CC008C1AFE /* Arise_ShineTests.swift */; };
		C168CF1825AC85CC008C1AFE /* Arise_ShineUITests.swift in Sources */ = {isa = PBXBuildFile; fileRef = C168CF1725AC85CC008C1AFE /* Arise_ShineUITests.swift */; };
/* End PBXBuildFile section */

/* Begin PBXContainerItemProxy section */
		C168CF0925AC85CC008C1AFE /* PBXContainerItemProxy */ = {
			isa = PBXContainerItemProxy;
			containerPortal = C168CEEA25AC85C9008C1AFE /* Project object */;
			proxyType = 1;
			remoteGlobalIDString = C168CEF125AC85C9008C1AFE;
			remoteInfo = "Arise&Shine";
		};
		C168CF1425AC85CC008C1AFE /* PBXContainerItemProxy */ = {
			isa = PBXContainerItemProxy;
			containerPortal = C168CEEA25AC85C9008C1AFE /* Project object */;
			proxyType = 1;
			remoteGlobalIDString = C168CEF125AC85C9008C1AFE;
			remoteInfo = "Arise&Shine";
		};
/* End PBXContainerItemProxy section */

/* Begin PBXFileReference section */
		C168CEF225AC85C9008C1AFE /* Arise&Shine.app */ = {isa = PBXFileReference; explicitFileType = wrapper.application; includeInIndex = 0; path = "Arise&Shine.app"; sourceTree = BUILT_PRODUCTS_DIR; };
		C168CEF525AC85C9008C1AFE /* AppDelegate.swift */ = {isa = PBXFileReference; lastKnownFileType = sourcecode.swift; path = AppDelegate.swift; sourceTree = "<group>"; };
		C168CEF725AC85C9008C1AFE /* SceneDelegate.swift */ = {isa = PBXFileReference; lastKnownFileType = sourcecode.swift; path = SceneDelegate.swift; sourceTree = "<group>"; };
		C168CEF925AC85C9008C1AFE /* ViewController.swift */ = {isa = PBXFileReference; lastKnownFileType = sourcecode.swift; path = ViewController.swift; sourceTree = "<group>"; };
		C168CEFC25AC85C9008C1AFE /* Base */ = {isa = PBXFileReference; lastKnownFileType = file.storyboard; name = Base; path = Base.lproj/Main.storyboard; sourceTree = "<group>"; };
		C168CEFE25AC85CC008C1AFE /* Assets.xcassets */ = {isa = PBXFileReference; lastKnownFileType = folder.assetcatalog; path = Assets.xcassets; sourceTree = "<group>"; };
		C168CF0125AC85CC008C1AFE /* Base */ = {isa = PBXFileReference; lastKnownFileType = file.storyboard; name = Base; path = Base.lproj/LaunchScreen.storyboard; sourceTree = "<group>"; };
		C168CF0325AC85CC008C1AFE /* Info.plist */ = {isa = PBXFileReference; lastKnownFileType = text.plist.xml; path = Info.plist; sourceTree = "<group>"; };
		C168CF0825AC85CC008C1AFE /* Arise&ShineTests.xctest */ = {isa = PBXFileReference; explicitFileType = wrapper.cfbundle; includeInIndex = 0; path = "Arise&ShineTests.xctest"; sourceTree = BUILT_PRODUCTS_DIR; };
		C168CF0C25AC85CC008C1AFE /* Arise_ShineTests.swift */ = {isa = PBXFileReference; lastKnownFileType = sourcecode.swift; path = Arise_ShineTests.swift; sourceTree = "<group>"; };
		C168CF0E25AC85CC008C1AFE /* Info.plist */ = {isa = PBXFileReference; lastKnownFileType = text.plist.xml; path = Info.plist; sourceTree = "<group>"; };
		C168CF1325AC85CC008C1AFE /* Arise&ShineUITests.xctest */ = {isa = PBXFileReference; explicitFileType = wrapper.cfbundle; includeInIndex = 0; path = "Arise&ShineUITests.xctest"; sourceTree = BUILT_PRODUCTS_DIR; };
		C168CF1725AC85CC008C1AFE /* Arise_ShineUITests.swift */ = {isa = PBXFileReference; lastKnownFileType = sourcecode.swift; path = Arise_ShineUITests.swift; sourceTree = "<group>"; };
		C168CF1925AC85CC008C1AFE /* Info.plist */ = {isa = PBXFileReference; lastKnownFileType = text.plist.xml; path = Info.plist; sourceTree = "<group>"; };
/* End PBXFileReference section */

/* Begin PBXFrameworksBuildPhase section */
		C168CEEF25AC85C9008C1AFE /* Frameworks */ = {
			isa = PBXFrameworksBuildPhase;
			buildActionMask = 2147483647;
			files = (
			);
			runOnlyForDeploymentPostprocessing = 0;
		};
		C168CF0525AC85CC008C1AFE /* Frameworks */ = {
			isa = PBXFrameworksBuildPhase;
			buildActionMask = 2147483647;
			files = (
			);
			runOnlyForDeploymentPostprocessing = 0;
		};
		C168CF1025AC85CC008C1AFE /* Frameworks */ = {
			isa = PBXFrameworksBuildPhase;
			buildActionMask = 2147483647;
			files = (
			);
			runOnlyForDeploymentPostprocessing = 0;
		};
/* End PBXFrameworksBuildPhase section */

/* Begin PBXGroup section */
		C168CEE925AC85C9008C1AFE = {
			isa = PBXGroup;
			children = (
				C168CEF425AC85C9008C1AFE /* Arise&Shine */,
				C168CF0B25AC85CC008C1AFE /* Arise&ShineTests */,
				C168CF1625AC85CC008C1AFE /* Arise&ShineUITests */,
				C168CEF325AC85C9008C1AFE /* Products */,
			);
			sourceTree = "<group>";
		};
		C168CEF325AC85C9008C1AFE /* Products */ = {
			isa = PBXGroup;
			children = (
				C168CEF225AC85C9008C1AFE /* Arise&Shine.app */,
				C168CF0825AC85CC008C1AFE /* Arise&ShineTests.xctest */,
				C168CF1325AC85CC008C1AFE /* Arise&ShineUITests.xctest */,
			);
			name = Products;
			sourceTree = "<group>";
		};
		C168CEF425AC85C9008C1AFE /* Arise&Shine */ = {
			isa = PBXGroup;
			children = (
				C168CEF525AC85C9008C1AFE /* AppDelegate.swift */,
				C168CEF725AC85C9008C1AFE /* SceneDelegate.swift */,
				C168CEF925AC85C9008C1AFE /* ViewController.swift */,
				C168CEFB25AC85C9008C1AFE /* Main.storyboard */,
				C168CEFE25AC85CC008C1AFE /* Assets.xcassets */,
				C168CF0025AC85CC008C1AFE /* LaunchScreen.storyboard */,
				C168CF0325AC85CC008C1AFE /* Info.plist */,
			);
			path = "Arise&Shine";
			sourceTree = "<group>";
		};
		C168CF0B25AC85CC008C1AFE /* Arise&ShineTests */ = {
			isa = PBXGroup;
			children = (
				C168CF0C25AC85CC008C1AFE /* Arise_ShineTests.swift */,
				C168CF0E25AC85CC008C1AFE /* Info.plist */,
			);
			path = "Arise&ShineTests";
			sourceTree = "<group>";
		};
		C168CF1625AC85CC008C1AFE /* Arise&ShineUITests */ = {
			isa = PBXGroup;
			children = (
				C168CF1725AC85CC008C1AFE /* Arise_ShineUITests.swift */,
				C168CF1925AC85CC008C1AFE /* Info.plist */,
			);
			path = "Arise&ShineUITests";
			sourceTree = "<group>";
		};
/* End PBXGroup section */

/* Begin PBXNativeTarget section */
		C168CEF125AC85C9008C1AFE /* Arise&Shine */ = {
			isa = PBXNativeTarget;
			buildConfigurationList = C168CF1C25AC85CC008C1AFE /* Build configuration list for PBXNativeTarget "Arise&Shine" */;
			buildPhases = (
				C168CEEE25AC85C9008C1AFE /* Sources */,
				C168CEEF25AC85C9008C1AFE /* Frameworks */,
				C168CEF025AC85C9008C1AFE /* Resources */,
			);
			buildRules = (
			);
			dependencies = (
			);
			name = "Arise&Shine";
			productName = "Arise&Shine";
			productReference = C168CEF225AC85C9008C1AFE /* Arise&Shine.app */;
			productType = "com.apple.product-type.application";
		};
		C168CF0725AC85CC008C1AFE /* Arise&ShineTests */ = {
			isa = PBXNativeTarget;
			buildConfigurationList = C168CF1F25AC85CC008C1AFE /* Build configuration list for PBXNativeTarget "Arise&ShineTests" */;
			buildPhases = (
				C168CF0425AC85CC008C1AFE /* Sources */,
				C168CF0525AC85CC008C1AFE /* Frameworks */,
				C168CF0625AC85CC008C1AFE /* Resources */,
			);
			buildRules = (
			);
			dependencies = (
				C168CF0A25AC85CC008C1AFE /* PBXTargetDependency */,
			);
			name = "Arise&ShineTests";
			productName = "Arise&ShineTests";
			productReference = C168CF0825AC85CC008C1AFE /* Arise&ShineTests.xctest */;
			productType = "com.apple.product-type.bundle.unit-test";
		};
		C168CF1225AC85CC008C1AFE /* Arise&ShineUITests */ = {
			isa = PBXNativeTarget;
			buildConfigurationList = C168CF2225AC85CC008C1AFE /* Build configuration list for PBXNativeTarget "Arise&ShineUITests" */;
			buildPhases = (
				C168CF0F25AC85CC008C1AFE /* Sources */,
				C168CF1025AC85CC008C1AFE /* Frameworks */,
				C168CF1125AC85CC008C1AFE /* Resources */,
			);
			buildRules = (
			);
			dependencies = (
				C168CF1525AC85CC008C1AFE /* PBXTargetDependency */,
			);
			name = "Arise&ShineUITests";
			productName = "Arise&ShineUITests";
			productReference = C168CF1325AC85CC008C1AFE /* Arise&ShineUITests.xctest */;
			productType = "com.apple.product-type.bundle.ui-testing";
		};
/* End PBXNativeTarget section */

/* Begin PBXProject section */
		C168CEEA25AC85C9008C1AFE /* Project object */ = {
			isa = PBXProject;
			attributes = {
				LastSwiftUpdateCheck = 1230;
				LastUpgradeCheck = 1230;
				TargetAttributes = {
					C168CEF125AC85C9008C1AFE = {
						CreatedOnToolsVersion = 12.3;
					};
					C168CF0725AC85CC008C1AFE = {
						CreatedOnToolsVersion = 12.3;
						TestTargetID = C168CEF125AC85C9008C1AFE;
					};
					C168CF1225AC85CC008C1AFE = {
						CreatedOnToolsVersion = 12.3;
						TestTargetID = C168CEF125AC85C9008C1AFE;
					};
				};
			};
			buildConfigurationList = C168CEED25AC85C9008C1AFE /* Build configuration list for PBXProject "Arise&Shine" */;
			compatibilityVersion = "Xcode 9.3";
			developmentRegion = en;
			hasScannedForEncodings = 0;
			knownRegions = (
				en,
				Base,
			);
			mainGroup = C168CEE925AC85C9008C1AFE;
			productRefGroup = C168CEF325AC85C9008C1AFE /* Products */;
			projectDirPath = "";
			projectRoot = "";
			targets = (
				C168CEF125AC85C9008C1AFE /* Arise&Shine */,
				C168CF0725AC85CC008C1AFE /* Arise&ShineTests */,
				C168CF1225AC85CC008C1AFE /* Arise&ShineUITests */,
			);
		};
/* End PBXProject section */

/* Begin PBXResourcesBuildPhase section */
		C168CEF025AC85C9008C1AFE /* Resources */ = {
			isa = PBXResourcesBuildPhase;
			buildActionMask = 2147483647;
			files = (
				C168CF0225AC85CC008C1AFE /* LaunchScreen.storyboard in Resources */,
				C168CEFF25AC85CC008C1AFE /* Assets.xcassets in Resources */,
				C168CEFD25AC85C9008C1AFE /* Main.storyboard in Resources */,
			);
			runOnlyForDeploymentPostprocessing = 0;
		};
		C168CF0625AC85CC008C1AFE /* Resources */ = {
			isa = PBXResourcesBuildPhase;
			buildActionMask = 2147483647;
			files = (
			);
			runOnlyForDeploymentPostprocessing = 0;
		};
		C168CF1125AC85CC008C1AFE /* Resources */ = {
			isa = PBXResourcesBuildPhase;
			buildActionMask = 2147483647;
			files = (
			);
			runOnlyForDeploymentPostprocessing = 0;
		};
/* End PBXResourcesBuildPhase section */

/* Begin PBXSourcesBuildPhase section */
		C168CEEE25AC85C9008C1AFE /* Sources */ = {
			isa = PBXSourcesBuildPhase;
			buildActionMask = 2147483647;
			files = (
				C168CEFA25AC85C9008C1AFE /* ViewController.swift in Sources */,
				C168CEF625AC85C9008C1AFE /* AppDelegate.swift in Sources */,
				C168CEF825AC85C9008C1AFE /* SceneDelegate.swift in Sources */,
			);
			runOnlyForDeploymentPostprocessing = 0;
		};
		C168CF0425AC85CC008C1AFE /* Sources */ = {
			isa = PBXSourcesBuildPhase;
			buildActionMask = 2147483647;
			files = (
				C168CF0D25AC85CC008C1AFE /* Arise_ShineTests.swift in Sources */,
			);
			runOnlyForDeploymentPostprocessing = 0;
		};
		C168CF0F25AC85CC008C1AFE /* Sources */ = {
			isa = PBXSourcesBuildPhase;
			buildActionMask = 2147483647;
			files = (
				C168CF1825AC85CC008C1AFE /* Arise_ShineUITests.swift in Sources */,
			);
			runOnlyForDeploymentPostprocessing = 0;
		};
/* End PBXSourcesBuildPhase section */

/* Begin PBXTargetDependency section */
		C168CF0A25AC85CC008C1AFE /* PBXTargetDependency */ = {
			isa = PBXTargetDependency;
			target = C168CEF125AC85C9008C1AFE /* Arise&Shine */;
			targetProxy = C168CF0925AC85CC008C1AFE /* PBXContainerItemProxy */;
		};
		C168CF1525AC85CC008C1AFE /* PBXTargetDependency */ = {
			isa = PBXTargetDependency;
			target = C168CEF125AC85C9008C1AFE /* Arise&Shine */;
			targetProxy = C168CF1425AC85CC008C1AFE /* PBXContainerItemProxy */;
		};
/* End PBXTargetDependency section */

/* Begin PBXVariantGroup section */
		C168CEFB25AC85C9008C1AFE /* Main.storyboard */ = {
			isa = PBXVariantGroup;
			children = (
				C168CEFC25AC85C9008C1AFE /* Base */,
			);
			name = Main.storyboard;
			sourceTree = "<group>";
		};
		C168CF0025AC85CC008C1AFE /* LaunchScreen.storyboard */ = {
			isa = PBXVariantGroup;
			children = (
				C168CF0125AC85CC008C1AFE /* Base */,
			);
			name = LaunchScreen.storyboard;
			sourceTree = "<group>";
		};
/* End PBXVariantGroup section */

/* Begin XCBuildConfiguration section */
		C168CF1A25AC85CC008C1AFE /* Debug */ = {
			isa = XCBuildConfiguration;
			buildSettings = {
				ALWAYS_SEARCH_USER_PATHS = NO;
				CLANG_ANALYZER_NONNULL = YES;
				CLANG_ANALYZER_NUMBER_OBJECT_CONVERSION = YES_AGGRESSIVE;
				CLANG_CXX_LANGUAGE_STANDARD = "gnu++14";
				CLANG_CXX_LIBRARY = "libc++";
				CLANG_ENABLE_MODULES = YES;
				CLANG_ENABLE_OBJC_ARC = YES;
				CLANG_ENABLE_OBJC_WEAK = YES;
				CLANG_WARN_BLOCK_CAPTURE_AUTORELEASING = YES;
				CLANG_WARN_BOOL_CONVERSION = YES;
				CLANG_WARN_COMMA = YES;
				CLANG_WARN_CONSTANT_CONVERSION = YES;
				CLANG_WARN_DEPRECATED_OBJC_IMPLEMENTATIONS = YES;
				CLANG_WARN_DIRECT_OBJC_ISA_USAGE = YES_ERROR;
				CLANG_WARN_DOCUMENTATION_COMMENTS = YES;
				CLANG_WARN_EMPTY_BODY = YES;
				CLANG_WARN_ENUM_CONVERSION = YES;
				CLANG_WARN_INFINITE_RECURSION = YES;
				CLANG_WARN_INT_CONVERSION = YES;
				CLANG_WARN_NON_LITERAL_NULL_CONVERSION = YES;
				CLANG_WARN_OBJC_IMPLICIT_RETAIN_SELF = YES;
				CLANG_WARN_OBJC_LITERAL_CONVERSION = YES;
				CLANG_WARN_OBJC_ROOT_CLASS = YES_ERROR;
				CLANG_WARN_QUOTED_INCLUDE_IN_FRAMEWORK_HEADER = YES;
				CLANG_WARN_RANGE_LOOP_ANALYSIS = YES;
				CLANG_WARN_STRICT_PROTOTYPES = YES;
				CLANG_WARN_SUSPICIOUS_MOVE = YES;
				CLANG_WARN_UNGUARDED_AVAILABILITY = YES_AGGRESSIVE;
				CLANG_WARN_UNREACHABLE_CODE = YES;
				CLANG_WARN__DUPLICATE_METHOD_MATCH = YES;
				COPY_PHASE_STRIP = NO;
				DEBUG_INFORMATION_FORMAT = dwarf;
				ENABLE_STRICT_OBJC_MSGSEND = YES;
				ENABLE_TESTABILITY = YES;
				GCC_C_LANGUAGE_STANDARD = gnu11;
				GCC_DYNAMIC_NO_PIC = NO;
				GCC_NO_COMMON_BLOCKS = YES;
				GCC_OPTIMIZATION_LEVEL = 0;
				GCC_PREPROCESSOR_DEFINITIONS = (
					"DEBUG=1",
					"$(inherited)",
				);
				GCC_WARN_64_TO_32_BIT_CONVERSION = YES;
				GCC_WARN_ABOUT_RETURN_TYPE = YES_ERROR;
				GCC_WARN_UNDECLARED_SELECTOR = YES;
				GCC_WARN_UNINITIALIZED_AUTOS = YES_AGGRESSIVE;
				GCC_WARN_UNUSED_FUNCTION = YES;
				GCC_WARN_UNUSED_VARIABLE = YES;
				IPHONEOS_DEPLOYMENT_TARGET = 14.3;
				MTL_ENABLE_DEBUG_INFO = INCLUDE_SOURCE;
				MTL_FAST_MATH = YES;
				ONLY_ACTIVE_ARCH = YES;
				SDKROOT = iphoneos;
				SWIFT_ACTIVE_COMPILATION_CONDITIONS = DEBUG;
				SWIFT_OPTIMIZATION_LEVEL = "-Onone";
			};
			name = Debug;
		};
		C168CF1B25AC85CC008C1AFE /* Release */ = {
			isa = XCBuildConfiguration;
			buildSettings = {
				ALWAYS_SEARCH_USER_PATHS = NO;
				CLANG_ANALYZER_NONNULL = YES;
				CLANG_ANALYZER_NUMBER_OBJECT_CONVERSION = YES_AGGRESSIVE;
				CLANG_CXX_LANGUAGE_STANDARD = "gnu++14";
				CLANG_CXX_LIBRARY = "libc++";
				CLANG_ENABLE_MODULES = YES;
				CLANG_ENABLE_OBJC_ARC = YES;
				CLANG_ENABLE_OBJC_WEAK = YES;
				CLANG_WARN_BLOCK_CAPTURE_AUTORELEASING = YES;
				CLANG_WARN_BOOL_CONVERSION = YES;
				CLANG_WARN_COMMA = YES;
				CLANG_WARN_CONSTANT_CONVERSION = YES;
				CLANG_WARN_DEPRECATED_OBJC_IMPLEMENTATIONS = YES;
				CLANG_WARN_DIRECT_OBJC_ISA_USAGE = YES_ERROR;
				CLANG_WARN_DOCUMENTATION_COMMENTS = YES;
				CLANG_WARN_EMPTY_BODY = YES;
				CLANG_WARN_ENUM_CONVERSION = YES;
				CLANG_WARN_INFINITE_RECURSION = YES;
				CLANG_WARN_INT_CONVERSION = YES;
				CLANG_WARN_NON_LITERAL_NULL_CONVERSION = YES;
				CLANG_WARN_OBJC_IMPLICIT_RETAIN_SELF = YES;
				CLANG_WARN_OBJC_LITERAL_CONVERSION = YES;
				CLANG_WARN_OBJC_ROOT_CLASS = YES_ERROR;
				CLANG_WARN_QUOTED_INCLUDE_IN_FRAMEWORK_HEADER = YES;
				CLANG_WARN_RANGE_LOOP_ANALYSIS = YES;
				CLANG_WARN_STRICT_PROTOTYPES = YES;
				CLANG_WARN_SUSPICIOUS_MOVE = YES;
				CLANG_WARN_UNGUARDED_AVAILABILITY = YES_AGGRESSIVE;
				CLANG_WARN_UNREACHABLE_CODE = YES;
				CLANG_WARN__DUPLICATE_METHOD_MATCH = YES;
				COPY_PHASE_STRIP = NO;
				DEBUG_INFORMATION_FORMAT = "dwarf-with-dsym";
				ENABLE_NS_ASSERTIONS = NO;
				ENABLE_STRICT_OBJC_MSGSEND = YES;
				GCC_C_LANGUAGE_STANDARD = gnu11;
				GCC_NO_COMMON_BLOCKS = YES;
				GCC_WARN_64_TO_32_BIT_CONVERSION = YES;
				GCC_WARN_ABOUT_RETURN_TYPE = YES_ERROR;
				GCC_WARN_UNDECLARED_SELECTOR = YES;
				GCC_WARN_UNINITIALIZED_AUTOS = YES_AGGRESSIVE;
				GCC_WARN_UNUSED_FUNCTION = YES;
				GCC_WARN_UNUSED_VARIABLE = YES;
				IPHONEOS_DEPLOYMENT_TARGET = 14.3;
				MTL_ENABLE_DEBUG_INFO = NO;
				MTL_FAST_MATH = YES;
				SDKROOT = iphoneos;
				SWIFT_COMPILATION_MODE = wholemodule;
				SWIFT_OPTIMIZATION_LEVEL = "-O";
				VALIDATE_PRODUCT = YES;
			};
			name = Release;
		};
		C168CF1D25AC85CC008C1AFE /* Debug */ = {
			isa = XCBuildConfiguration;
			buildSettings = {
				ASSETCATALOG_COMPILER_APPICON_NAME = AppIcon;
				ASSETCATALOG_COMPILER_GLOBAL_ACCENT_COLOR_NAME = AccentColor;
				CODE_SIGN_STYLE = Automatic;
				DEVELOPMENT_TEAM = YJQB4DVQ35;
				INFOPLIST_FILE = "Arise&Shine/Info.plist";
				LD_RUNPATH_SEARCH_PATHS = (
					"$(inherited)",
					"@executable_path/Frameworks",
				);
				PRODUCT_BUNDLE_IDENTIFIER = "com.wannagohome.Arise-Shine";
				PRODUCT_NAME = "$(TARGET_NAME)";
				SWIFT_VERSION = 5.0;
				TARGETED_DEVICE_FAMILY = "1,2";
			};
			name = Debug;
		};
		C168CF1E25AC85CC008C1AFE /* Release */ = {
			isa = XCBuildConfiguration;
			buildSettings = {
				ASSETCATALOG_COMPILER_APPICON_NAME = AppIcon;
				ASSETCATALOG_COMPILER_GLOBAL_ACCENT_COLOR_NAME = AccentColor;
				CODE_SIGN_STYLE = Automatic;
				DEVELOPMENT_TEAM = YJQB4DVQ35;
				INFOPLIST_FILE = "Arise&Shine/Info.plist";
				LD_RUNPATH_SEARCH_PATHS = (
					"$(inherited)",
					"@executable_path/Frameworks",
				);
				PRODUCT_BUNDLE_IDENTIFIER = "com.wannagohome.Arise-Shine";
				PRODUCT_NAME = "$(TARGET_NAME)";
				SWIFT_VERSION = 5.0;
				TARGETED_DEVICE_FAMILY = "1,2";
			};
			name = Release;
		};
		C168CF2025AC85CC008C1AFE /* Debug */ = {
			isa = XCBuildConfiguration;
			buildSettings = {
				ALWAYS_EMBED_SWIFT_STANDARD_LIBRARIES = YES;
				BUNDLE_LOADER = "$(TEST_HOST)";
				CODE_SIGN_STYLE = Automatic;
				DEVELOPMENT_TEAM = YJQB4DVQ35;
				INFOPLIST_FILE = "Arise&ShineTests/Info.plist";
				IPHONEOS_DEPLOYMENT_TARGET = 14.3;
				LD_RUNPATH_SEARCH_PATHS = (
					"$(inherited)",
					"@executable_path/Frameworks",
					"@loader_path/Frameworks",
				);
				PRODUCT_BUNDLE_IDENTIFIER = "com.wannagohome.Arise-ShineTests";
				PRODUCT_NAME = "$(TARGET_NAME)";
				SWIFT_VERSION = 5.0;
				TARGETED_DEVICE_FAMILY = "1,2";
				TEST_HOST = "$(BUILT_PRODUCTS_DIR)/Arise&Shine.app/Arise&Shine";
			};
			name = Debug;
		};
		C168CF2125AC85CC008C1AFE /* Release */ = {
			isa = XCBuildConfiguration;
			buildSettings = {
				ALWAYS_EMBED_SWIFT_STANDARD_LIBRARIES = YES;
				BUNDLE_LOADER = "$(TEST_HOST)";
				CODE_SIGN_STYLE = Automatic;
				DEVELOPMENT_TEAM = YJQB4DVQ35;
				INFOPLIST_FILE = "Arise&ShineTests/Info.plist";
				IPHONEOS_DEPLOYMENT_TARGET = 14.3;
				LD_RUNPATH_SEARCH_PATHS = (
					"$(inherited)",
					"@executable_path/Frameworks",
					"@loader_path/Frameworks",
				);
				PRODUCT_BUNDLE_IDENTIFIER = "com.wannagohome.Arise-ShineTests";
				PRODUCT_NAME = "$(TARGET_NAME)";
				SWIFT_VERSION = 5.0;
				TARGETED_DEVICE_FAMILY = "1,2";
				TEST_HOST = "$(BUILT_PRODUCTS_DIR)/Arise&Shine.app/Arise&Shine";
			};
			name = Release;
		};
		C168CF2325AC85CC008C1AFE /* Debug */ = {
			isa = XCBuildConfiguration;
			buildSettings = {
				ALWAYS_EMBED_SWIFT_STANDARD_LIBRARIES = YES;
				CODE_SIGN_STYLE = Automatic;
				DEVELOPMENT_TEAM = YJQB4DVQ35;
				INFOPLIST_FILE = "Arise&ShineUITests/Info.plist";
				LD_RUNPATH_SEARCH_PATHS = (
					"$(inherited)",
					"@executable_path/Frameworks",
					"@loader_path/Frameworks",
				);
				PRODUCT_BUNDLE_IDENTIFIER = "com.wannagohome.Arise-ShineUITests";
				PRODUCT_NAME = "$(TARGET_NAME)";
				SWIFT_VERSION = 5.0;
				TARGETED_DEVICE_FAMILY = "1,2";
				TEST_TARGET_NAME = "Arise&Shine";
			};
			name = Debug;
		};
		C168CF2425AC85CC008C1AFE /* Release */ = {
			isa = XCBuildConfiguration;
			buildSettings = {
				ALWAYS_EMBED_SWIFT_STANDARD_LIBRARIES = YES;
				CODE_SIGN_STYLE = Automatic;
				DEVELOPMENT_TEAM = YJQB4DVQ35;
				INFOPLIST_FILE = "Arise&ShineUITests/Info.plist";
				LD_RUNPATH_SEARCH_PATHS = (
					"$(inherited)",
					"@executable_path/Frameworks",
					"@loader_path/Frameworks",
				);
				PRODUCT_BUNDLE_IDENTIFIER = "com.wannagohome.Arise-ShineUITests";
				PRODUCT_NAME = "$(TARGET_NAME)";
				SWIFT_VERSION = 5.0;
				TARGETED_DEVICE_FAMILY = "1,2";
				TEST_TARGET_NAME = "Arise&Shine";
			};
			name = Release;
		};
/* End XCBuildConfiguration section */

/* Begin XCConfigurationList section */
		C168CEED25AC85C9008C1AFE /* Build configuration list for PBXProject "Arise&Shine" */ = {
			isa = XCConfigurationList;
			buildConfigurations = (
				C168CF1A25AC85CC008C1AFE /* Debug */,
				C168CF1B25AC85CC008C1AFE /* Release */,
			);
			defaultConfigurationIsVisible = 0;
			defaultConfigurationName = Release;
		};
		C168CF1C25AC85CC008C1AFE /* Build configuration list for PBXNativeTarget "Arise&Shine" */ = {
			isa = XCConfigurationList;
			buildConfigurations = (
				C168CF1D25AC85CC008C1AFE /* Debug */,
				C168CF1E25AC85CC008C1AFE /* Release */,
			);
			defaultConfigurationIsVisible = 0;
			defaultConfigurationName = Release;
		};
		C168CF1F25AC85CC008C1AFE /* Build configuration list for PBXNativeTarget "Arise&ShineTests" */ = {
			isa = XCConfigurationList;
			buildConfigurations = (
				C168CF2025AC85CC008C1AFE /* Debug */,
				C168CF2125AC85CC008C1AFE /* Release */,
			);
			defaultConfigurationIsVisible = 0;
			defaultConfigurationName = Release;
		};
		C168CF2225AC85CC008C1AFE /* Build configuration list for PBXNativeTarget "Arise&ShineUITests" */ = {
			isa = XCConfigurationList;
			buildConfigurations = (
				C168CF2325AC85CC008C1AFE /* Debug */,
				C168CF2425AC85CC008C1AFE /* Release */,
			);
			defaultConfigurationIsVisible = 0;
			defaultConfigurationName = Release;
		};
/* End XCConfigurationList section */
	};
	rootObject = C168CEEA25AC85C9008C1AFE /* Project object */;
}
